
Microsoft Visual Studio Solution File, Format Version 12.00
# Visual Studio Version 17
VisualStudioVersion = 17.10.35027.167
MinimumVisualStudioVersion = 10.0.40219.1
Project("{9A19103F-16F7-4668-BE54-9A1E7A4F7556}") = "Task1A", "Task.CSharpBase\Task1A.csproj", "{D83854C7-A130-4776-B9AF-8CA6D395E83E}"
EndProject
Project("{2150E333-8FDC-42A3-9474-1A3956D46DE8}") = "Task1.CSharpBase", "Task1.CSharpBase", "{AB946DED-F48B-485C-B60F-72C6FD80F086}"
EndProject
Project("{9A19103F-16F7-4668-BE54-9A1E7A4F7556}") = "Task1B", "Task1B\Task1B.csproj", "{6C89C1CA-985B-4247-87E9-3AADB9C013E6}"
EndProject
Project("{9A19103F-16F7-4668-BE54-9A1E7A4F7556}") = "Practice1.Task1.Variables", "Task1.Variables\Practice1.Task1.Variables.csproj", "{662F92D3-BD14-4A63-99C4-E35D4CFC2D32}"
EndProject
Project("{9A19103F-16F7-4668-BE54-9A1E7A4F7556}") = "Practice1.Task2.Variables", "Task2.Variables\Practice1.Task2.Variables.csproj", "{24360058-2E04-4928-B680-A0CB83FAA51B}"
EndProject
Project("{9A19103F-16F7-4668-BE54-9A1E7A4F7556}") = "Practice1.Task3.Greetings", "Task3.Greetings\Practice1.Task3.Greetings.csproj", "{ED9997FD-4E26-4A72-8C3F-7C63D6B858A0}"
EndProject
Project("{9A19103F-16F7-4668-BE54-9A1E7A4F7556}") = "Practice1.Task4.Phrases", "Task4.Phrases\Practice1.Task4.Phrases.csproj", "{03A9AA90-8444-4DB1-BC5F-956ABD9361C1}"
EndProject
Project("{9A19103F-16F7-4668-BE54-9A1E7A4F7556}") = "Practice1.Task5.CircleArea", "Task5.CircleArea\Practice1.Task5.CircleArea.csproj", "{28FFA031-25E9-41C5-971B-92D7979081B8}"
EndProject
Project("{9A19103F-16F7-4668-BE54-9A1E7A4F7556}") = "Practice1.Task6.Triangle", "Task6.Triangle\Practice1.Task6.Triangle.csproj", "{5E01A671-2AE8-4E18-8552-CF7BBDF6B8BD}"
EndProject
Project("{2150E333-8FDC-42A3-9474-1A3956D46DE8}") = "Practice1", "Practice1", "{EDB2EFFE-0259-4FEC-ADE8-E1A32D5E4268}"
EndProject
Project("{2150E333-8FDC-42A3-9474-1A3956D46DE8}") = "Practice2", "Practice2", "{7ED46C64-D7A9-46F9-B5E5-8773C4B08A0F}"
EndProject
Project("{2150E333-8FDC-42A3-9474-1A3956D46DE8}") = "Practice3", "Practice3", "{6BD42476-B63A-42D1-B28C-4747992DBF57}"
EndProject
Project("{9A19103F-16F7-4668-BE54-9A1E7A4F7556}") = "Practice3.Task1", "Practice3\Practice3.Task1\Practice3.Task1.csproj", "{5637D097-BB59-46AC-A325-4E7ABF7428B1}"
EndProject
Project("{9A19103F-16F7-4668-BE54-9A1E7A4F7556}") = "Practice3.Task2", "Practice3\Practice3.Task2\Practice3.Task2.csproj", "{2DBC2984-A9DB-4D83-8AD7-2B216A1A34BD}"
EndProject
Project("{9A19103F-16F7-4668-BE54-9A1E7A4F7556}") = "Practice3.Task3", "Practice3\Practice3.Task3\Practice3.Task3.csproj", "{59CA4E0C-18BA-401D-A458-D9C304F4CC36}"
EndProject
Project("{9A19103F-16F7-4668-BE54-9A1E7A4F7556}") = "Practice3.Task4", "Practice3\Practice3.Task4\Practice3.Task4.csproj", "{D00916E1-E69A-41C8-918A-0E30F31FF9C6}"
EndProject
Project("{9A19103F-16F7-4668-BE54-9A1E7A4F7556}") = "Practice3.Task5", "Practice3\Practice3.Task5\Practice3.Task5.csproj", "{934ED938-81B4-4AC2-80A6-9B3354C9D3C8}"
EndProject
Project("{9A19103F-16F7-4668-BE54-9A1E7A4F7556}") = "Practice3.Task6", "Practice3\Practice3.Task6\Practice3.Task6.csproj", "{75CB7302-CE21-4683-BA09-F1F4319E5F35}"
EndProject
Project("{9A19103F-16F7-4668-BE54-9A1E7A4F7556}") = "Practice3.Task7", "Practice3\Practice3.Task7\Practice3.Task7.csproj", "{783E63B4-CC13-4238-A813-67A9F2AEA710}"
EndProject
Project("{9A19103F-16F7-4668-BE54-9A1E7A4F7556}") = "Practice3.Task8", "Practice3\Practice3.Task8\Practice3.Task8.csproj", "{5B82BC3C-DAAA-4CC0-8C49-BA026481C6F9}"
EndProject
Project("{9A19103F-16F7-4668-BE54-9A1E7A4F7556}") = "Practice3.Task9", "Practice3\Practice3.Task9\Practice3.Task9.csproj", "{10B9286C-0352-4944-AB33-0E6F55639146}"
EndProject
Project("{9A19103F-16F7-4668-BE54-9A1E7A4F7556}") = "Practice3.Task10", "Practice3\Practice3.Task10\Practice3.Task10.csproj", "{7197ECF1-1B8D-4684-8996-D6FE7F141ABD}"
EndProject
Project("{9A19103F-16F7-4668-BE54-9A1E7A4F7556}") = "Practice3.Task11", "Practice3\Practice3.Task11\Practice3.Task11.csproj", "{433DFB50-3252-4EE6-8CE1-5A590E29B1B1}"
EndProject
Project("{9A19103F-16F7-4668-BE54-9A1E7A4F7556}") = "Practice2.Task1", "Practice2\Practice2.Task1\Practice2.Task1.csproj", "{B8F5181E-9E5F-45F2-AC70-4E0DCFA0F200}"
EndProject
Project("{9A19103F-16F7-4668-BE54-9A1E7A4F7556}") = "Practice2.Task2", "Practice2\Practice2.Task2\Practice2.Task2.csproj", "{F425F209-6FFB-4891-A6DA-6B41B4FFCD2E}"
EndProject
Project("{9A19103F-16F7-4668-BE54-9A1E7A4F7556}") = "Practice2.Task3", "Practice2\Practice2.Task3\Practice2.Task3.csproj", "{21A1D062-70F9-46DB-B731-A3687494B609}"
EndProject
Project("{9A19103F-16F7-4668-BE54-9A1E7A4F7556}") = "Practice2.Task4", "Practice2\Practice2.Task4\Practice2.Task4.csproj", "{2DCE2FA9-3917-47C6-9B44-7B824523A78D}"
EndProject
Project("{9A19103F-16F7-4668-BE54-9A1E7A4F7556}") = "Practice2.Task5", "Practice2\Practice2.Task5\Practice2.Task5.csproj", "{2562AD61-53E3-442F-B970-36EB7FF5D11B}"
EndProject
Project("{9A19103F-16F7-4668-BE54-9A1E7A4F7556}") = "Practice2.Task6", "Practice2\Practice2.Task6\Practice2.Task6.csproj", "{03EFD688-4306-40DD-9EBD-60C42FC20F13}"
EndProject
Project("{9A19103F-16F7-4668-BE54-9A1E7A4F7556}") = "Practice2.Task7", "Practice2\Practice2.Task7\Practice2.Task7.csproj", "{53D8FE8D-3271-4524-9919-010239954B68}"
EndProject
Project("{9A19103F-16F7-4668-BE54-9A1E7A4F7556}") = "Practice2.Task8", "Practice2\Practice2.Task8\Practice2.Task8.csproj", "{87FFDEFC-7E45-4756-A5DF-EC4434E419DF}"
EndProject
Project("{9A19103F-16F7-4668-BE54-9A1E7A4F7556}") = "Practice2.Task9", "Practice2\Practice2.Task9\Practice2.Task9.csproj", "{E32CF84B-CC97-48CF-A1BC-23F60D017155}"
EndProject
Project("{9A19103F-16F7-4668-BE54-9A1E7A4F7556}") = "Practice2.Task10", "Practice2\Practice2.Task10\Practice2.Task10.csproj", "{D420BDEE-33DA-4467-9F6D-2C8309E21F81}"
EndProject
Project("{9A19103F-16F7-4668-BE54-9A1E7A4F7556}") = "Practice2.Task11", "Practice2\Practice2.Task11\Practice2.Task11.csproj", "{2EA7BBD2-AA59-49EC-99AF-FF07F1A5239F}"
EndProject
Project("{9A19103F-16F7-4668-BE54-9A1E7A4F7556}") = "Practice2.Task12", "Practice2\Practice2.Task12\Practice2.Task12.csproj", "{E9A5F8F1-F76B-4C22-8AAB-71C707F24E9B}"
EndProject
Project("{9A19103F-16F7-4668-BE54-9A1E7A4F7556}") = "Practice2.Task13", "Practice2\Practice2.Task13\Practice2.Task13.csproj", "{1DE4916C-384D-480A-A8BB-19BEC72F9265}"
EndProject
Project("{9A19103F-16F7-4668-BE54-9A1E7A4F7556}") = "Practice2.Task14", "Practice2\Practice2.Task14\Practice2.Task14.csproj", "{CBA2E7CA-5C92-4CD5-924A-181B69CF3CEE}"
EndProject
Project("{9A19103F-16F7-4668-BE54-9A1E7A4F7556}") = "Practice2.Task15", "Practice2\Practice2.Task15\Practice2.Task15.csproj", "{A7E391A8-0BE3-47E7-B729-0A7E4FDC890A}"
EndProject
Project("{9A19103F-16F7-4668-BE54-9A1E7A4F7556}") = "Practice2.Task16", "Practice2\Practice2.Task16\Practice2.Task16.csproj", "{CA4BE575-C1A7-46B2-85CB-08DD3F4378EB}"
EndProject
Project("{9A19103F-16F7-4668-BE54-9A1E7A4F7556}") = "Practice2.Task17", "Practice2\Practice2.Task17\Practice2.Task17.csproj", "{8EAD43B4-B00B-403C-B676-3B5A6C8D2685}"
EndProject
Project("{9A19103F-16F7-4668-BE54-9A1E7A4F7556}") = "Practice2.Task18", "Practice2\Practice2.Task18\Practice2.Task18.csproj", "{E52A99CE-6E20-4CBE-A1CA-FD969A5A77E5}"
EndProject
Project("{9A19103F-16F7-4668-BE54-9A1E7A4F7556}") = "Practice2.Task19", "Practice2\Practice2.Task19\Practice2.Task19.csproj", "{E610B49F-416B-4C44-8030-03808175EE0E}"
EndProject
Project("{9A19103F-16F7-4668-BE54-9A1E7A4F7556}") = "Practice2.Task20", "Practice2\Practice2.Task20\Practice2.Task20.csproj", "{E9F596E9-4594-4E9C-9A4A-4874F804D8D7}"
EndProject
Project("{9A19103F-16F7-4668-BE54-9A1E7A4F7556}") = "Practice2.Task21", "Practice2\Practice2.Task21\Practice2.Task21.csproj", "{D2945F4D-85C5-49D7-B1EF-27687F990C5E}"
EndProject
Project("{9A19103F-16F7-4668-BE54-9A1E7A4F7556}") = "Practice2.Task22", "Practice2\Practice2.Task22\Practice2.Task22.csproj", "{1419AAC3-3DBC-4C81-8D9D-48929D9F68E3}"
EndProject
Project("{9A19103F-16F7-4668-BE54-9A1E7A4F7556}") = "Practice2.Task23", "Practice2\Practice2.Task23\Practice2.Task23.csproj", "{C975451E-B1A5-482D-A9BE-FADC2001D87B}"
EndProject
Project("{9A19103F-16F7-4668-BE54-9A1E7A4F7556}") = "Practice2.Task24", "Practice2\Practice2.Task24\Practice2.Task24.csproj", "{2E53FCDB-1D6D-4276-A585-98325D809BC9}"
EndProject
Project("{9A19103F-16F7-4668-BE54-9A1E7A4F7556}") = "Practice2.Task25", "Practice2\Practice2.Task25\Practice2.Task25.csproj", "{3C8F1C69-90EB-48E8-85D5-7B268EA49BC1}"
EndProject
Project("{9A19103F-16F7-4668-BE54-9A1E7A4F7556}") = "Practice3.2.Task1.MathLib", "Practice3\Practice3.2.Task1.MathLib\Practice3.2.Task1.MathLib.csproj", "{F8D96147-296D-4F5E-840D-9DFE699DA681}"
EndProject
Project("{9A19103F-16F7-4668-BE54-9A1E7A4F7556}") = "Practice3.2.Task2", "Practice3\Practice3.2.Task2\Practice3.2.Task2.csproj", "{0DE07223-2549-4414-B3CC-BEF6E5877704}"
EndProject
Project("{9A19103F-16F7-4668-BE54-9A1E7A4F7556}") = "Practice3.2.Task3.PersonLib", "Practice3\Practice3.2.Task3.PersonLib\Practice3.2.Task3.PersonLib.csproj", "{AFF880AF-6FD4-4A89-BED7-1E0F116543C0}"
EndProject
Project("{2150E333-8FDC-42A3-9474-1A3956D46DE8}") = "Practice5", "Practice5", "{2D217C68-EA9A-4C3E-8C11-766A33F1B96B}"
EndProject
Project("{FAE04EC0-301F-11D3-BF4B-00C04F79EFBC}") = "Practice5.Task1", "Practice5\Practice5.Task1\Practice5.Task1.csproj", "{A60CAD73-1351-4B95-9E1A-BCA216F749B3}"
EndProject
Project("{FAE04EC0-301F-11D3-BF4B-00C04F79EFBC}") = "Practice5.Task2", "Practice5\Practice5.Task2\Practice5.Task2.csproj", "{60ED642C-B67E-4BCA-83AE-4B02193D82B9}"
EndProject
Project("{FAE04EC0-301F-11D3-BF4B-00C04F79EFBC}") = "Practice5.Task3", "Practice5\Practice5.Task3\Practice5.Task3.csproj", "{5B8923C5-F036-4CD1-A1BD-0DCF93194217}"
EndProject
Project("{2150E333-8FDC-42A3-9474-1A3956D46DE8}") = "Practice6", "Practice6", "{66340BD9-ED72-4DAD-9260-C2C2D6078C33}"
EndProject
Project("{FAE04EC0-301F-11D3-BF4B-00C04F79EFBC}") = "Practice6.Task1", "Practice6\Practice6.Task1\Practice6.Task1.csproj", "{B9153D28-50B8-40C9-A2D6-53508053F468}"
EndProject
Global
	GlobalSection(SolutionConfigurationPlatforms) = preSolution
		CheckIn|Any CPU = CheckIn|Any CPU
		Debug|Any CPU = Debug|Any CPU
		Release|Any CPU = Release|Any CPU
	EndGlobalSection
	GlobalSection(ProjectConfigurationPlatforms) = postSolution
		{D83854C7-A130-4776-B9AF-8CA6D395E83E}.CheckIn|Any CPU.ActiveCfg = CheckIn|Any CPU
		{D83854C7-A130-4776-B9AF-8CA6D395E83E}.CheckIn|Any CPU.Build.0 = CheckIn|Any CPU
		{D83854C7-A130-4776-B9AF-8CA6D395E83E}.Debug|Any CPU.ActiveCfg = Debug|Any CPU
		{D83854C7-A130-4776-B9AF-8CA6D395E83E}.Debug|Any CPU.Build.0 = Debug|Any CPU
		{D83854C7-A130-4776-B9AF-8CA6D395E83E}.Release|Any CPU.ActiveCfg = Release|Any CPU
		{D83854C7-A130-4776-B9AF-8CA6D395E83E}.Release|Any CPU.Build.0 = Release|Any CPU
		{6C89C1CA-985B-4247-87E9-3AADB9C013E6}.CheckIn|Any CPU.ActiveCfg = Release|Any CPU
		{6C89C1CA-985B-4247-87E9-3AADB9C013E6}.CheckIn|Any CPU.Build.0 = Release|Any CPU
		{6C89C1CA-985B-4247-87E9-3AADB9C013E6}.Debug|Any CPU.ActiveCfg = Debug|Any CPU
		{6C89C1CA-985B-4247-87E9-3AADB9C013E6}.Debug|Any CPU.Build.0 = Debug|Any CPU
		{6C89C1CA-985B-4247-87E9-3AADB9C013E6}.Release|Any CPU.ActiveCfg = Release|Any CPU
		{6C89C1CA-985B-4247-87E9-3AADB9C013E6}.Release|Any CPU.Build.0 = Release|Any CPU
		{662F92D3-BD14-4A63-99C4-E35D4CFC2D32}.CheckIn|Any CPU.ActiveCfg = Debug|Any CPU
		{662F92D3-BD14-4A63-99C4-E35D4CFC2D32}.CheckIn|Any CPU.Build.0 = Debug|Any CPU
		{662F92D3-BD14-4A63-99C4-E35D4CFC2D32}.Debug|Any CPU.ActiveCfg = Debug|Any CPU
		{662F92D3-BD14-4A63-99C4-E35D4CFC2D32}.Debug|Any CPU.Build.0 = Debug|Any CPU
		{662F92D3-BD14-4A63-99C4-E35D4CFC2D32}.Release|Any CPU.ActiveCfg = Release|Any CPU
		{662F92D3-BD14-4A63-99C4-E35D4CFC2D32}.Release|Any CPU.Build.0 = Release|Any CPU
		{24360058-2E04-4928-B680-A0CB83FAA51B}.CheckIn|Any CPU.ActiveCfg = Debug|Any CPU
		{24360058-2E04-4928-B680-A0CB83FAA51B}.CheckIn|Any CPU.Build.0 = Debug|Any CPU
		{24360058-2E04-4928-B680-A0CB83FAA51B}.Debug|Any CPU.ActiveCfg = Debug|Any CPU
		{24360058-2E04-4928-B680-A0CB83FAA51B}.Debug|Any CPU.Build.0 = Debug|Any CPU
		{24360058-2E04-4928-B680-A0CB83FAA51B}.Release|Any CPU.ActiveCfg = Release|Any CPU
		{24360058-2E04-4928-B680-A0CB83FAA51B}.Release|Any CPU.Build.0 = Release|Any CPU
		{ED9997FD-4E26-4A72-8C3F-7C63D6B858A0}.CheckIn|Any CPU.ActiveCfg = Debug|Any CPU
		{ED9997FD-4E26-4A72-8C3F-7C63D6B858A0}.CheckIn|Any CPU.Build.0 = Debug|Any CPU
		{ED9997FD-4E26-4A72-8C3F-7C63D6B858A0}.Debug|Any CPU.ActiveCfg = Debug|Any CPU
		{ED9997FD-4E26-4A72-8C3F-7C63D6B858A0}.Debug|Any CPU.Build.0 = Debug|Any CPU
		{ED9997FD-4E26-4A72-8C3F-7C63D6B858A0}.Release|Any CPU.ActiveCfg = Release|Any CPU
		{ED9997FD-4E26-4A72-8C3F-7C63D6B858A0}.Release|Any CPU.Build.0 = Release|Any CPU
		{03A9AA90-8444-4DB1-BC5F-956ABD9361C1}.CheckIn|Any CPU.ActiveCfg = Debug|Any CPU
		{03A9AA90-8444-4DB1-BC5F-956ABD9361C1}.CheckIn|Any CPU.Build.0 = Debug|Any CPU
		{03A9AA90-8444-4DB1-BC5F-956ABD9361C1}.Debug|Any CPU.ActiveCfg = Debug|Any CPU
		{03A9AA90-8444-4DB1-BC5F-956ABD9361C1}.Debug|Any CPU.Build.0 = Debug|Any CPU
		{03A9AA90-8444-4DB1-BC5F-956ABD9361C1}.Release|Any CPU.ActiveCfg = Release|Any CPU
		{03A9AA90-8444-4DB1-BC5F-956ABD9361C1}.Release|Any CPU.Build.0 = Release|Any CPU
		{28FFA031-25E9-41C5-971B-92D7979081B8}.CheckIn|Any CPU.ActiveCfg = Debug|Any CPU
		{28FFA031-25E9-41C5-971B-92D7979081B8}.CheckIn|Any CPU.Build.0 = Debug|Any CPU
		{28FFA031-25E9-41C5-971B-92D7979081B8}.Debug|Any CPU.ActiveCfg = Debug|Any CPU
		{28FFA031-25E9-41C5-971B-92D7979081B8}.Debug|Any CPU.Build.0 = Debug|Any CPU
		{28FFA031-25E9-41C5-971B-92D7979081B8}.Release|Any CPU.ActiveCfg = Release|Any CPU
		{28FFA031-25E9-41C5-971B-92D7979081B8}.Release|Any CPU.Build.0 = Release|Any CPU
		{5E01A671-2AE8-4E18-8552-CF7BBDF6B8BD}.CheckIn|Any CPU.ActiveCfg = Debug|Any CPU
		{5E01A671-2AE8-4E18-8552-CF7BBDF6B8BD}.CheckIn|Any CPU.Build.0 = Debug|Any CPU
		{5E01A671-2AE8-4E18-8552-CF7BBDF6B8BD}.Debug|Any CPU.ActiveCfg = Debug|Any CPU
		{5E01A671-2AE8-4E18-8552-CF7BBDF6B8BD}.Debug|Any CPU.Build.0 = Debug|Any CPU
		{5E01A671-2AE8-4E18-8552-CF7BBDF6B8BD}.Release|Any CPU.ActiveCfg = Release|Any CPU
		{5E01A671-2AE8-4E18-8552-CF7BBDF6B8BD}.Release|Any CPU.Build.0 = Release|Any CPU
		{5637D097-BB59-46AC-A325-4E7ABF7428B1}.CheckIn|Any CPU.ActiveCfg = Debug|Any CPU
		{5637D097-BB59-46AC-A325-4E7ABF7428B1}.CheckIn|Any CPU.Build.0 = Debug|Any CPU
		{5637D097-BB59-46AC-A325-4E7ABF7428B1}.Debug|Any CPU.ActiveCfg = Debug|Any CPU
		{5637D097-BB59-46AC-A325-4E7ABF7428B1}.Debug|Any CPU.Build.0 = Debug|Any CPU
		{5637D097-BB59-46AC-A325-4E7ABF7428B1}.Release|Any CPU.ActiveCfg = Release|Any CPU
		{5637D097-BB59-46AC-A325-4E7ABF7428B1}.Release|Any CPU.Build.0 = Release|Any CPU
		{2DBC2984-A9DB-4D83-8AD7-2B216A1A34BD}.CheckIn|Any CPU.ActiveCfg = Debug|Any CPU
		{2DBC2984-A9DB-4D83-8AD7-2B216A1A34BD}.CheckIn|Any CPU.Build.0 = Debug|Any CPU
		{2DBC2984-A9DB-4D83-8AD7-2B216A1A34BD}.Debug|Any CPU.ActiveCfg = Debug|Any CPU
		{2DBC2984-A9DB-4D83-8AD7-2B216A1A34BD}.Debug|Any CPU.Build.0 = Debug|Any CPU
		{2DBC2984-A9DB-4D83-8AD7-2B216A1A34BD}.Release|Any CPU.ActiveCfg = Release|Any CPU
		{2DBC2984-A9DB-4D83-8AD7-2B216A1A34BD}.Release|Any CPU.Build.0 = Release|Any CPU
		{59CA4E0C-18BA-401D-A458-D9C304F4CC36}.CheckIn|Any CPU.ActiveCfg = Debug|Any CPU
		{59CA4E0C-18BA-401D-A458-D9C304F4CC36}.CheckIn|Any CPU.Build.0 = Debug|Any CPU
		{59CA4E0C-18BA-401D-A458-D9C304F4CC36}.Debug|Any CPU.ActiveCfg = Debug|Any CPU
		{59CA4E0C-18BA-401D-A458-D9C304F4CC36}.Debug|Any CPU.Build.0 = Debug|Any CPU
		{59CA4E0C-18BA-401D-A458-D9C304F4CC36}.Release|Any CPU.ActiveCfg = Release|Any CPU
		{59CA4E0C-18BA-401D-A458-D9C304F4CC36}.Release|Any CPU.Build.0 = Release|Any CPU
		{D00916E1-E69A-41C8-918A-0E30F31FF9C6}.CheckIn|Any CPU.ActiveCfg = Debug|Any CPU
		{D00916E1-E69A-41C8-918A-0E30F31FF9C6}.CheckIn|Any CPU.Build.0 = Debug|Any CPU
		{D00916E1-E69A-41C8-918A-0E30F31FF9C6}.Debug|Any CPU.ActiveCfg = Debug|Any CPU
		{D00916E1-E69A-41C8-918A-0E30F31FF9C6}.Debug|Any CPU.Build.0 = Debug|Any CPU
		{D00916E1-E69A-41C8-918A-0E30F31FF9C6}.Release|Any CPU.ActiveCfg = Release|Any CPU
		{D00916E1-E69A-41C8-918A-0E30F31FF9C6}.Release|Any CPU.Build.0 = Release|Any CPU
		{934ED938-81B4-4AC2-80A6-9B3354C9D3C8}.CheckIn|Any CPU.ActiveCfg = Debug|Any CPU
		{934ED938-81B4-4AC2-80A6-9B3354C9D3C8}.CheckIn|Any CPU.Build.0 = Debug|Any CPU
		{934ED938-81B4-4AC2-80A6-9B3354C9D3C8}.Debug|Any CPU.ActiveCfg = Debug|Any CPU
		{934ED938-81B4-4AC2-80A6-9B3354C9D3C8}.Debug|Any CPU.Build.0 = Debug|Any CPU
		{934ED938-81B4-4AC2-80A6-9B3354C9D3C8}.Release|Any CPU.ActiveCfg = Release|Any CPU
		{934ED938-81B4-4AC2-80A6-9B3354C9D3C8}.Release|Any CPU.Build.0 = Release|Any CPU
		{75CB7302-CE21-4683-BA09-F1F4319E5F35}.CheckIn|Any CPU.ActiveCfg = Debug|Any CPU
		{75CB7302-CE21-4683-BA09-F1F4319E5F35}.CheckIn|Any CPU.Build.0 = Debug|Any CPU
		{75CB7302-CE21-4683-BA09-F1F4319E5F35}.Debug|Any CPU.ActiveCfg = Debug|Any CPU
		{75CB7302-CE21-4683-BA09-F1F4319E5F35}.Debug|Any CPU.Build.0 = Debug|Any CPU
		{75CB7302-CE21-4683-BA09-F1F4319E5F35}.Release|Any CPU.ActiveCfg = Release|Any CPU
		{75CB7302-CE21-4683-BA09-F1F4319E5F35}.Release|Any CPU.Build.0 = Release|Any CPU
		{783E63B4-CC13-4238-A813-67A9F2AEA710}.CheckIn|Any CPU.ActiveCfg = Debug|Any CPU
		{783E63B4-CC13-4238-A813-67A9F2AEA710}.CheckIn|Any CPU.Build.0 = Debug|Any CPU
		{783E63B4-CC13-4238-A813-67A9F2AEA710}.Debug|Any CPU.ActiveCfg = Debug|Any CPU
		{783E63B4-CC13-4238-A813-67A9F2AEA710}.Debug|Any CPU.Build.0 = Debug|Any CPU
		{783E63B4-CC13-4238-A813-67A9F2AEA710}.Release|Any CPU.ActiveCfg = Release|Any CPU
		{783E63B4-CC13-4238-A813-67A9F2AEA710}.Release|Any CPU.Build.0 = Release|Any CPU
		{5B82BC3C-DAAA-4CC0-8C49-BA026481C6F9}.CheckIn|Any CPU.ActiveCfg = Debug|Any CPU
		{5B82BC3C-DAAA-4CC0-8C49-BA026481C6F9}.CheckIn|Any CPU.Build.0 = Debug|Any CPU
		{5B82BC3C-DAAA-4CC0-8C49-BA026481C6F9}.Debug|Any CPU.ActiveCfg = Debug|Any CPU
		{5B82BC3C-DAAA-4CC0-8C49-BA026481C6F9}.Debug|Any CPU.Build.0 = Debug|Any CPU
		{5B82BC3C-DAAA-4CC0-8C49-BA026481C6F9}.Release|Any CPU.ActiveCfg = Release|Any CPU
		{5B82BC3C-DAAA-4CC0-8C49-BA026481C6F9}.Release|Any CPU.Build.0 = Release|Any CPU
		{10B9286C-0352-4944-AB33-0E6F55639146}.CheckIn|Any CPU.ActiveCfg = Debug|Any CPU
		{10B9286C-0352-4944-AB33-0E6F55639146}.CheckIn|Any CPU.Build.0 = Debug|Any CPU
		{10B9286C-0352-4944-AB33-0E6F55639146}.Debug|Any CPU.ActiveCfg = Debug|Any CPU
		{10B9286C-0352-4944-AB33-0E6F55639146}.Debug|Any CPU.Build.0 = Debug|Any CPU
		{10B9286C-0352-4944-AB33-0E6F55639146}.Release|Any CPU.ActiveCfg = Release|Any CPU
		{10B9286C-0352-4944-AB33-0E6F55639146}.Release|Any CPU.Build.0 = Release|Any CPU
		{7197ECF1-1B8D-4684-8996-D6FE7F141ABD}.CheckIn|Any CPU.ActiveCfg = Debug|Any CPU
		{7197ECF1-1B8D-4684-8996-D6FE7F141ABD}.CheckIn|Any CPU.Build.0 = Debug|Any CPU
		{7197ECF1-1B8D-4684-8996-D6FE7F141ABD}.Debug|Any CPU.ActiveCfg = Debug|Any CPU
		{7197ECF1-1B8D-4684-8996-D6FE7F141ABD}.Debug|Any CPU.Build.0 = Debug|Any CPU
		{7197ECF1-1B8D-4684-8996-D6FE7F141ABD}.Release|Any CPU.ActiveCfg = Release|Any CPU
		{7197ECF1-1B8D-4684-8996-D6FE7F141ABD}.Release|Any CPU.Build.0 = Release|Any CPU
		{433DFB50-3252-4EE6-8CE1-5A590E29B1B1}.CheckIn|Any CPU.ActiveCfg = Debug|Any CPU
		{433DFB50-3252-4EE6-8CE1-5A590E29B1B1}.CheckIn|Any CPU.Build.0 = Debug|Any CPU
		{433DFB50-3252-4EE6-8CE1-5A590E29B1B1}.Debug|Any CPU.ActiveCfg = Debug|Any CPU
		{433DFB50-3252-4EE6-8CE1-5A590E29B1B1}.Debug|Any CPU.Build.0 = Debug|Any CPU
		{433DFB50-3252-4EE6-8CE1-5A590E29B1B1}.Release|Any CPU.ActiveCfg = Release|Any CPU
		{433DFB50-3252-4EE6-8CE1-5A590E29B1B1}.Release|Any CPU.Build.0 = Release|Any CPU
		{B8F5181E-9E5F-45F2-AC70-4E0DCFA0F200}.CheckIn|Any CPU.ActiveCfg = Debug|Any CPU
		{B8F5181E-9E5F-45F2-AC70-4E0DCFA0F200}.CheckIn|Any CPU.Build.0 = Debug|Any CPU
		{B8F5181E-9E5F-45F2-AC70-4E0DCFA0F200}.Debug|Any CPU.ActiveCfg = Debug|Any CPU
		{B8F5181E-9E5F-45F2-AC70-4E0DCFA0F200}.Debug|Any CPU.Build.0 = Debug|Any CPU
		{B8F5181E-9E5F-45F2-AC70-4E0DCFA0F200}.Release|Any CPU.ActiveCfg = Release|Any CPU
		{B8F5181E-9E5F-45F2-AC70-4E0DCFA0F200}.Release|Any CPU.Build.0 = Release|Any CPU
		{F425F209-6FFB-4891-A6DA-6B41B4FFCD2E}.CheckIn|Any CPU.ActiveCfg = Debug|Any CPU
		{F425F209-6FFB-4891-A6DA-6B41B4FFCD2E}.CheckIn|Any CPU.Build.0 = Debug|Any CPU
		{F425F209-6FFB-4891-A6DA-6B41B4FFCD2E}.Debug|Any CPU.ActiveCfg = Debug|Any CPU
		{F425F209-6FFB-4891-A6DA-6B41B4FFCD2E}.Debug|Any CPU.Build.0 = Debug|Any CPU
		{F425F209-6FFB-4891-A6DA-6B41B4FFCD2E}.Release|Any CPU.ActiveCfg = Release|Any CPU
		{F425F209-6FFB-4891-A6DA-6B41B4FFCD2E}.Release|Any CPU.Build.0 = Release|Any CPU
		{21A1D062-70F9-46DB-B731-A3687494B609}.CheckIn|Any CPU.ActiveCfg = Debug|Any CPU
		{21A1D062-70F9-46DB-B731-A3687494B609}.CheckIn|Any CPU.Build.0 = Debug|Any CPU
		{21A1D062-70F9-46DB-B731-A3687494B609}.Debug|Any CPU.ActiveCfg = Debug|Any CPU
		{21A1D062-70F9-46DB-B731-A3687494B609}.Debug|Any CPU.Build.0 = Debug|Any CPU
		{21A1D062-70F9-46DB-B731-A3687494B609}.Release|Any CPU.ActiveCfg = Release|Any CPU
		{21A1D062-70F9-46DB-B731-A3687494B609}.Release|Any CPU.Build.0 = Release|Any CPU
		{2DCE2FA9-3917-47C6-9B44-7B824523A78D}.CheckIn|Any CPU.ActiveCfg = Debug|Any CPU
		{2DCE2FA9-3917-47C6-9B44-7B824523A78D}.CheckIn|Any CPU.Build.0 = Debug|Any CPU
		{2DCE2FA9-3917-47C6-9B44-7B824523A78D}.Debug|Any CPU.ActiveCfg = Debug|Any CPU
		{2DCE2FA9-3917-47C6-9B44-7B824523A78D}.Debug|Any CPU.Build.0 = Debug|Any CPU
		{2DCE2FA9-3917-47C6-9B44-7B824523A78D}.Release|Any CPU.ActiveCfg = Release|Any CPU
		{2DCE2FA9-3917-47C6-9B44-7B824523A78D}.Release|Any CPU.Build.0 = Release|Any CPU
		{2562AD61-53E3-442F-B970-36EB7FF5D11B}.CheckIn|Any CPU.ActiveCfg = Debug|Any CPU
		{2562AD61-53E3-442F-B970-36EB7FF5D11B}.CheckIn|Any CPU.Build.0 = Debug|Any CPU
		{2562AD61-53E3-442F-B970-36EB7FF5D11B}.Debug|Any CPU.ActiveCfg = Debug|Any CPU
		{2562AD61-53E3-442F-B970-36EB7FF5D11B}.Debug|Any CPU.Build.0 = Debug|Any CPU
		{2562AD61-53E3-442F-B970-36EB7FF5D11B}.Release|Any CPU.ActiveCfg = Release|Any CPU
		{2562AD61-53E3-442F-B970-36EB7FF5D11B}.Release|Any CPU.Build.0 = Release|Any CPU
		{03EFD688-4306-40DD-9EBD-60C42FC20F13}.CheckIn|Any CPU.ActiveCfg = Debug|Any CPU
		{03EFD688-4306-40DD-9EBD-60C42FC20F13}.CheckIn|Any CPU.Build.0 = Debug|Any CPU
		{03EFD688-4306-40DD-9EBD-60C42FC20F13}.Debug|Any CPU.ActiveCfg = Debug|Any CPU
		{03EFD688-4306-40DD-9EBD-60C42FC20F13}.Debug|Any CPU.Build.0 = Debug|Any CPU
		{03EFD688-4306-40DD-9EBD-60C42FC20F13}.Release|Any CPU.ActiveCfg = Release|Any CPU
		{03EFD688-4306-40DD-9EBD-60C42FC20F13}.Release|Any CPU.Build.0 = Release|Any CPU
		{53D8FE8D-3271-4524-9919-010239954B68}.CheckIn|Any CPU.ActiveCfg = Debug|Any CPU
		{53D8FE8D-3271-4524-9919-010239954B68}.CheckIn|Any CPU.Build.0 = Debug|Any CPU
		{53D8FE8D-3271-4524-9919-010239954B68}.Debug|Any CPU.ActiveCfg = Debug|Any CPU
		{53D8FE8D-3271-4524-9919-010239954B68}.Debug|Any CPU.Build.0 = Debug|Any CPU
		{53D8FE8D-3271-4524-9919-010239954B68}.Release|Any CPU.ActiveCfg = Release|Any CPU
		{53D8FE8D-3271-4524-9919-010239954B68}.Release|Any CPU.Build.0 = Release|Any CPU
		{87FFDEFC-7E45-4756-A5DF-EC4434E419DF}.CheckIn|Any CPU.ActiveCfg = Debug|Any CPU
		{87FFDEFC-7E45-4756-A5DF-EC4434E419DF}.CheckIn|Any CPU.Build.0 = Debug|Any CPU
		{87FFDEFC-7E45-4756-A5DF-EC4434E419DF}.Debug|Any CPU.ActiveCfg = Debug|Any CPU
		{87FFDEFC-7E45-4756-A5DF-EC4434E419DF}.Debug|Any CPU.Build.0 = Debug|Any CPU
		{87FFDEFC-7E45-4756-A5DF-EC4434E419DF}.Release|Any CPU.ActiveCfg = Release|Any CPU
		{87FFDEFC-7E45-4756-A5DF-EC4434E419DF}.Release|Any CPU.Build.0 = Release|Any CPU
		{E32CF84B-CC97-48CF-A1BC-23F60D017155}.CheckIn|Any CPU.ActiveCfg = Debug|Any CPU
		{E32CF84B-CC97-48CF-A1BC-23F60D017155}.CheckIn|Any CPU.Build.0 = Debug|Any CPU
		{E32CF84B-CC97-48CF-A1BC-23F60D017155}.Debug|Any CPU.ActiveCfg = Debug|Any CPU
		{E32CF84B-CC97-48CF-A1BC-23F60D017155}.Debug|Any CPU.Build.0 = Debug|Any CPU
		{E32CF84B-CC97-48CF-A1BC-23F60D017155}.Release|Any CPU.ActiveCfg = Release|Any CPU
		{E32CF84B-CC97-48CF-A1BC-23F60D017155}.Release|Any CPU.Build.0 = Release|Any CPU
		{D420BDEE-33DA-4467-9F6D-2C8309E21F81}.CheckIn|Any CPU.ActiveCfg = Debug|Any CPU
		{D420BDEE-33DA-4467-9F6D-2C8309E21F81}.CheckIn|Any CPU.Build.0 = Debug|Any CPU
		{D420BDEE-33DA-4467-9F6D-2C8309E21F81}.Debug|Any CPU.ActiveCfg = Debug|Any CPU
		{D420BDEE-33DA-4467-9F6D-2C8309E21F81}.Debug|Any CPU.Build.0 = Debug|Any CPU
		{D420BDEE-33DA-4467-9F6D-2C8309E21F81}.Release|Any CPU.ActiveCfg = Release|Any CPU
		{D420BDEE-33DA-4467-9F6D-2C8309E21F81}.Release|Any CPU.Build.0 = Release|Any CPU
		{2EA7BBD2-AA59-49EC-99AF-FF07F1A5239F}.CheckIn|Any CPU.ActiveCfg = Debug|Any CPU
		{2EA7BBD2-AA59-49EC-99AF-FF07F1A5239F}.CheckIn|Any CPU.Build.0 = Debug|Any CPU
		{2EA7BBD2-AA59-49EC-99AF-FF07F1A5239F}.Debug|Any CPU.ActiveCfg = Debug|Any CPU
		{2EA7BBD2-AA59-49EC-99AF-FF07F1A5239F}.Debug|Any CPU.Build.0 = Debug|Any CPU
		{2EA7BBD2-AA59-49EC-99AF-FF07F1A5239F}.Release|Any CPU.ActiveCfg = Release|Any CPU
		{2EA7BBD2-AA59-49EC-99AF-FF07F1A5239F}.Release|Any CPU.Build.0 = Release|Any CPU
		{E9A5F8F1-F76B-4C22-8AAB-71C707F24E9B}.CheckIn|Any CPU.ActiveCfg = Debug|Any CPU
		{E9A5F8F1-F76B-4C22-8AAB-71C707F24E9B}.CheckIn|Any CPU.Build.0 = Debug|Any CPU
		{E9A5F8F1-F76B-4C22-8AAB-71C707F24E9B}.Debug|Any CPU.ActiveCfg = Debug|Any CPU
		{E9A5F8F1-F76B-4C22-8AAB-71C707F24E9B}.Debug|Any CPU.Build.0 = Debug|Any CPU
		{E9A5F8F1-F76B-4C22-8AAB-71C707F24E9B}.Release|Any CPU.ActiveCfg = Release|Any CPU
		{E9A5F8F1-F76B-4C22-8AAB-71C707F24E9B}.Release|Any CPU.Build.0 = Release|Any CPU
		{1DE4916C-384D-480A-A8BB-19BEC72F9265}.CheckIn|Any CPU.ActiveCfg = Debug|Any CPU
		{1DE4916C-384D-480A-A8BB-19BEC72F9265}.CheckIn|Any CPU.Build.0 = Debug|Any CPU
		{1DE4916C-384D-480A-A8BB-19BEC72F9265}.Debug|Any CPU.ActiveCfg = Debug|Any CPU
		{1DE4916C-384D-480A-A8BB-19BEC72F9265}.Debug|Any CPU.Build.0 = Debug|Any CPU
		{1DE4916C-384D-480A-A8BB-19BEC72F9265}.Release|Any CPU.ActiveCfg = Release|Any CPU
		{1DE4916C-384D-480A-A8BB-19BEC72F9265}.Release|Any CPU.Build.0 = Release|Any CPU
		{CBA2E7CA-5C92-4CD5-924A-181B69CF3CEE}.CheckIn|Any CPU.ActiveCfg = Debug|Any CPU
		{CBA2E7CA-5C92-4CD5-924A-181B69CF3CEE}.CheckIn|Any CPU.Build.0 = Debug|Any CPU
		{CBA2E7CA-5C92-4CD5-924A-181B69CF3CEE}.Debug|Any CPU.ActiveCfg = Debug|Any CPU
		{CBA2E7CA-5C92-4CD5-924A-181B69CF3CEE}.Debug|Any CPU.Build.0 = Debug|Any CPU
		{CBA2E7CA-5C92-4CD5-924A-181B69CF3CEE}.Release|Any CPU.ActiveCfg = Release|Any CPU
		{CBA2E7CA-5C92-4CD5-924A-181B69CF3CEE}.Release|Any CPU.Build.0 = Release|Any CPU
		{A7E391A8-0BE3-47E7-B729-0A7E4FDC890A}.CheckIn|Any CPU.ActiveCfg = Debug|Any CPU
		{A7E391A8-0BE3-47E7-B729-0A7E4FDC890A}.CheckIn|Any CPU.Build.0 = Debug|Any CPU
		{A7E391A8-0BE3-47E7-B729-0A7E4FDC890A}.Debug|Any CPU.ActiveCfg = Debug|Any CPU
		{A7E391A8-0BE3-47E7-B729-0A7E4FDC890A}.Debug|Any CPU.Build.0 = Debug|Any CPU
		{A7E391A8-0BE3-47E7-B729-0A7E4FDC890A}.Release|Any CPU.ActiveCfg = Release|Any CPU
		{A7E391A8-0BE3-47E7-B729-0A7E4FDC890A}.Release|Any CPU.Build.0 = Release|Any CPU
		{CA4BE575-C1A7-46B2-85CB-08DD3F4378EB}.CheckIn|Any CPU.ActiveCfg = Debug|Any CPU
		{CA4BE575-C1A7-46B2-85CB-08DD3F4378EB}.CheckIn|Any CPU.Build.0 = Debug|Any CPU
		{CA4BE575-C1A7-46B2-85CB-08DD3F4378EB}.Debug|Any CPU.ActiveCfg = Debug|Any CPU
		{CA4BE575-C1A7-46B2-85CB-08DD3F4378EB}.Debug|Any CPU.Build.0 = Debug|Any CPU
		{CA4BE575-C1A7-46B2-85CB-08DD3F4378EB}.Release|Any CPU.ActiveCfg = Release|Any CPU
		{CA4BE575-C1A7-46B2-85CB-08DD3F4378EB}.Release|Any CPU.Build.0 = Release|Any CPU
		{8EAD43B4-B00B-403C-B676-3B5A6C8D2685}.CheckIn|Any CPU.ActiveCfg = Debug|Any CPU
		{8EAD43B4-B00B-403C-B676-3B5A6C8D2685}.CheckIn|Any CPU.Build.0 = Debug|Any CPU
		{8EAD43B4-B00B-403C-B676-3B5A6C8D2685}.Debug|Any CPU.ActiveCfg = Debug|Any CPU
		{8EAD43B4-B00B-403C-B676-3B5A6C8D2685}.Debug|Any CPU.Build.0 = Debug|Any CPU
		{8EAD43B4-B00B-403C-B676-3B5A6C8D2685}.Release|Any CPU.ActiveCfg = Release|Any CPU
		{8EAD43B4-B00B-403C-B676-3B5A6C8D2685}.Release|Any CPU.Build.0 = Release|Any CPU
		{E52A99CE-6E20-4CBE-A1CA-FD969A5A77E5}.CheckIn|Any CPU.ActiveCfg = Debug|Any CPU
		{E52A99CE-6E20-4CBE-A1CA-FD969A5A77E5}.CheckIn|Any CPU.Build.0 = Debug|Any CPU
		{E52A99CE-6E20-4CBE-A1CA-FD969A5A77E5}.Debug|Any CPU.ActiveCfg = Debug|Any CPU
		{E52A99CE-6E20-4CBE-A1CA-FD969A5A77E5}.Debug|Any CPU.Build.0 = Debug|Any CPU
		{E52A99CE-6E20-4CBE-A1CA-FD969A5A77E5}.Release|Any CPU.ActiveCfg = Release|Any CPU
		{E52A99CE-6E20-4CBE-A1CA-FD969A5A77E5}.Release|Any CPU.Build.0 = Release|Any CPU
		{E610B49F-416B-4C44-8030-03808175EE0E}.CheckIn|Any CPU.ActiveCfg = Debug|Any CPU
		{E610B49F-416B-4C44-8030-03808175EE0E}.CheckIn|Any CPU.Build.0 = Debug|Any CPU
		{E610B49F-416B-4C44-8030-03808175EE0E}.Debug|Any CPU.ActiveCfg = Debug|Any CPU
		{E610B49F-416B-4C44-8030-03808175EE0E}.Debug|Any CPU.Build.0 = Debug|Any CPU
		{E610B49F-416B-4C44-8030-03808175EE0E}.Release|Any CPU.ActiveCfg = Release|Any CPU
		{E610B49F-416B-4C44-8030-03808175EE0E}.Release|Any CPU.Build.0 = Release|Any CPU
		{E9F596E9-4594-4E9C-9A4A-4874F804D8D7}.CheckIn|Any CPU.ActiveCfg = Debug|Any CPU
		{E9F596E9-4594-4E9C-9A4A-4874F804D8D7}.CheckIn|Any CPU.Build.0 = Debug|Any CPU
		{E9F596E9-4594-4E9C-9A4A-4874F804D8D7}.Debug|Any CPU.ActiveCfg = Debug|Any CPU
		{E9F596E9-4594-4E9C-9A4A-4874F804D8D7}.Debug|Any CPU.Build.0 = Debug|Any CPU
		{E9F596E9-4594-4E9C-9A4A-4874F804D8D7}.Release|Any CPU.ActiveCfg = Release|Any CPU
		{E9F596E9-4594-4E9C-9A4A-4874F804D8D7}.Release|Any CPU.Build.0 = Release|Any CPU
		{D2945F4D-85C5-49D7-B1EF-27687F990C5E}.CheckIn|Any CPU.ActiveCfg = Debug|Any CPU
		{D2945F4D-85C5-49D7-B1EF-27687F990C5E}.CheckIn|Any CPU.Build.0 = Debug|Any CPU
		{D2945F4D-85C5-49D7-B1EF-27687F990C5E}.Debug|Any CPU.ActiveCfg = Debug|Any CPU
		{D2945F4D-85C5-49D7-B1EF-27687F990C5E}.Debug|Any CPU.Build.0 = Debug|Any CPU
		{D2945F4D-85C5-49D7-B1EF-27687F990C5E}.Release|Any CPU.ActiveCfg = Release|Any CPU
		{D2945F4D-85C5-49D7-B1EF-27687F990C5E}.Release|Any CPU.Build.0 = Release|Any CPU
		{1419AAC3-3DBC-4C81-8D9D-48929D9F68E3}.CheckIn|Any CPU.ActiveCfg = Debug|Any CPU
		{1419AAC3-3DBC-4C81-8D9D-48929D9F68E3}.CheckIn|Any CPU.Build.0 = Debug|Any CPU
		{1419AAC3-3DBC-4C81-8D9D-48929D9F68E3}.Debug|Any CPU.ActiveCfg = Debug|Any CPU
		{1419AAC3-3DBC-4C81-8D9D-48929D9F68E3}.Debug|Any CPU.Build.0 = Debug|Any CPU
		{1419AAC3-3DBC-4C81-8D9D-48929D9F68E3}.Release|Any CPU.ActiveCfg = Release|Any CPU
		{1419AAC3-3DBC-4C81-8D9D-48929D9F68E3}.Release|Any CPU.Build.0 = Release|Any CPU
		{C975451E-B1A5-482D-A9BE-FADC2001D87B}.CheckIn|Any CPU.ActiveCfg = Debug|Any CPU
		{C975451E-B1A5-482D-A9BE-FADC2001D87B}.CheckIn|Any CPU.Build.0 = Debug|Any CPU
		{C975451E-B1A5-482D-A9BE-FADC2001D87B}.Debug|Any CPU.ActiveCfg = Debug|Any CPU
		{C975451E-B1A5-482D-A9BE-FADC2001D87B}.Debug|Any CPU.Build.0 = Debug|Any CPU
		{C975451E-B1A5-482D-A9BE-FADC2001D87B}.Release|Any CPU.ActiveCfg = Release|Any CPU
		{C975451E-B1A5-482D-A9BE-FADC2001D87B}.Release|Any CPU.Build.0 = Release|Any CPU
		{2E53FCDB-1D6D-4276-A585-98325D809BC9}.CheckIn|Any CPU.ActiveCfg = Debug|Any CPU
		{2E53FCDB-1D6D-4276-A585-98325D809BC9}.CheckIn|Any CPU.Build.0 = Debug|Any CPU
		{2E53FCDB-1D6D-4276-A585-98325D809BC9}.Debug|Any CPU.ActiveCfg = Debug|Any CPU
		{2E53FCDB-1D6D-4276-A585-98325D809BC9}.Debug|Any CPU.Build.0 = Debug|Any CPU
		{2E53FCDB-1D6D-4276-A585-98325D809BC9}.Release|Any CPU.ActiveCfg = Release|Any CPU
		{2E53FCDB-1D6D-4276-A585-98325D809BC9}.Release|Any CPU.Build.0 = Release|Any CPU
		{3C8F1C69-90EB-48E8-85D5-7B268EA49BC1}.CheckIn|Any CPU.ActiveCfg = Debug|Any CPU
		{3C8F1C69-90EB-48E8-85D5-7B268EA49BC1}.CheckIn|Any CPU.Build.0 = Debug|Any CPU
		{3C8F1C69-90EB-48E8-85D5-7B268EA49BC1}.Debug|Any CPU.ActiveCfg = Debug|Any CPU
		{3C8F1C69-90EB-48E8-85D5-7B268EA49BC1}.Debug|Any CPU.Build.0 = Debug|Any CPU
		{3C8F1C69-90EB-48E8-85D5-7B268EA49BC1}.Release|Any CPU.ActiveCfg = Release|Any CPU
		{3C8F1C69-90EB-48E8-85D5-7B268EA49BC1}.Release|Any CPU.Build.0 = Release|Any CPU
		{F8D96147-296D-4F5E-840D-9DFE699DA681}.CheckIn|Any CPU.ActiveCfg = Debug|Any CPU
		{F8D96147-296D-4F5E-840D-9DFE699DA681}.CheckIn|Any CPU.Build.0 = Debug|Any CPU
		{F8D96147-296D-4F5E-840D-9DFE699DA681}.Debug|Any CPU.ActiveCfg = Debug|Any CPU
		{F8D96147-296D-4F5E-840D-9DFE699DA681}.Debug|Any CPU.Build.0 = Debug|Any CPU
		{F8D96147-296D-4F5E-840D-9DFE699DA681}.Release|Any CPU.ActiveCfg = Release|Any CPU
		{F8D96147-296D-4F5E-840D-9DFE699DA681}.Release|Any CPU.Build.0 = Release|Any CPU
		{0DE07223-2549-4414-B3CC-BEF6E5877704}.CheckIn|Any CPU.ActiveCfg = Debug|Any CPU
		{0DE07223-2549-4414-B3CC-BEF6E5877704}.CheckIn|Any CPU.Build.0 = Debug|Any CPU
		{0DE07223-2549-4414-B3CC-BEF6E5877704}.Debug|Any CPU.ActiveCfg = Debug|Any CPU
		{0DE07223-2549-4414-B3CC-BEF6E5877704}.Debug|Any CPU.Build.0 = Debug|Any CPU
		{0DE07223-2549-4414-B3CC-BEF6E5877704}.Release|Any CPU.ActiveCfg = Release|Any CPU
		{0DE07223-2549-4414-B3CC-BEF6E5877704}.Release|Any CPU.Build.0 = Release|Any CPU
		{AFF880AF-6FD4-4A89-BED7-1E0F116543C0}.CheckIn|Any CPU.ActiveCfg = Debug|Any CPU
		{AFF880AF-6FD4-4A89-BED7-1E0F116543C0}.CheckIn|Any CPU.Build.0 = Debug|Any CPU
		{AFF880AF-6FD4-4A89-BED7-1E0F116543C0}.Debug|Any CPU.ActiveCfg = Debug|Any CPU
		{AFF880AF-6FD4-4A89-BED7-1E0F116543C0}.Debug|Any CPU.Build.0 = Debug|Any CPU
		{AFF880AF-6FD4-4A89-BED7-1E0F116543C0}.Release|Any CPU.ActiveCfg = Release|Any CPU
		{AFF880AF-6FD4-4A89-BED7-1E0F116543C0}.Release|Any CPU.Build.0 = Release|Any CPU
		{A60CAD73-1351-4B95-9E1A-BCA216F749B3}.CheckIn|Any CPU.ActiveCfg = Debug|Any CPU
		{A60CAD73-1351-4B95-9E1A-BCA216F749B3}.CheckIn|Any CPU.Build.0 = Debug|Any CPU
		{A60CAD73-1351-4B95-9E1A-BCA216F749B3}.Debug|Any CPU.ActiveCfg = Debug|Any CPU
		{A60CAD73-1351-4B95-9E1A-BCA216F749B3}.Debug|Any CPU.Build.0 = Debug|Any CPU
		{A60CAD73-1351-4B95-9E1A-BCA216F749B3}.Release|Any CPU.ActiveCfg = Release|Any CPU
		{A60CAD73-1351-4B95-9E1A-BCA216F749B3}.Release|Any CPU.Build.0 = Release|Any CPU
		{60ED642C-B67E-4BCA-83AE-4B02193D82B9}.CheckIn|Any CPU.ActiveCfg = Debug|Any CPU
		{60ED642C-B67E-4BCA-83AE-4B02193D82B9}.CheckIn|Any CPU.Build.0 = Debug|Any CPU
		{60ED642C-B67E-4BCA-83AE-4B02193D82B9}.Debug|Any CPU.ActiveCfg = Debug|Any CPU
		{60ED642C-B67E-4BCA-83AE-4B02193D82B9}.Debug|Any CPU.Build.0 = Debug|Any CPU
		{60ED642C-B67E-4BCA-83AE-4B02193D82B9}.Release|Any CPU.ActiveCfg = Release|Any CPU
		{60ED642C-B67E-4BCA-83AE-4B02193D82B9}.Release|Any CPU.Build.0 = Release|Any CPU
		{5B8923C5-F036-4CD1-A1BD-0DCF93194217}.CheckIn|Any CPU.ActiveCfg = Debug|Any CPU
		{5B8923C5-F036-4CD1-A1BD-0DCF93194217}.CheckIn|Any CPU.Build.0 = Debug|Any CPU
		{5B8923C5-F036-4CD1-A1BD-0DCF93194217}.Debug|Any CPU.ActiveCfg = Debug|Any CPU
		{5B8923C5-F036-4CD1-A1BD-0DCF93194217}.Debug|Any CPU.Build.0 = Debug|Any CPU
		{5B8923C5-F036-4CD1-A1BD-0DCF93194217}.Release|Any CPU.ActiveCfg = Release|Any CPU
		{5B8923C5-F036-4CD1-A1BD-0DCF93194217}.Release|Any CPU.Build.0 = Release|Any CPU
		{B9153D28-50B8-40C9-A2D6-53508053F468}.CheckIn|Any CPU.ActiveCfg = Debug|Any CPU
		{B9153D28-50B8-40C9-A2D6-53508053F468}.CheckIn|Any CPU.Build.0 = Debug|Any CPU
		{B9153D28-50B8-40C9-A2D6-53508053F468}.Debug|Any CPU.ActiveCfg = Debug|Any CPU
		{B9153D28-50B8-40C9-A2D6-53508053F468}.Debug|Any CPU.Build.0 = Debug|Any CPU
		{B9153D28-50B8-40C9-A2D6-53508053F468}.Release|Any CPU.ActiveCfg = Release|Any CPU
		{B9153D28-50B8-40C9-A2D6-53508053F468}.Release|Any CPU.Build.0 = Release|Any CPU
	EndGlobalSection
	GlobalSection(SolutionProperties) = preSolution
		HideSolutionNode = FALSE
	EndGlobalSection
	GlobalSection(NestedProjects) = preSolution
		{D83854C7-A130-4776-B9AF-8CA6D395E83E} = {AB946DED-F48B-485C-B60F-72C6FD80F086}
		{AB946DED-F48B-485C-B60F-72C6FD80F086} = {EDB2EFFE-0259-4FEC-ADE8-E1A32D5E4268}
		{6C89C1CA-985B-4247-87E9-3AADB9C013E6} = {AB946DED-F48B-485C-B60F-72C6FD80F086}
		{662F92D3-BD14-4A63-99C4-E35D4CFC2D32} = {EDB2EFFE-0259-4FEC-ADE8-E1A32D5E4268}
		{24360058-2E04-4928-B680-A0CB83FAA51B} = {EDB2EFFE-0259-4FEC-ADE8-E1A32D5E4268}
		{ED9997FD-4E26-4A72-8C3F-7C63D6B858A0} = {EDB2EFFE-0259-4FEC-ADE8-E1A32D5E4268}
		{03A9AA90-8444-4DB1-BC5F-956ABD9361C1} = {EDB2EFFE-0259-4FEC-ADE8-E1A32D5E4268}
		{28FFA031-25E9-41C5-971B-92D7979081B8} = {EDB2EFFE-0259-4FEC-ADE8-E1A32D5E4268}
		{5E01A671-2AE8-4E18-8552-CF7BBDF6B8BD} = {EDB2EFFE-0259-4FEC-ADE8-E1A32D5E4268}
		{5637D097-BB59-46AC-A325-4E7ABF7428B1} = {6BD42476-B63A-42D1-B28C-4747992DBF57}
		{2DBC2984-A9DB-4D83-8AD7-2B216A1A34BD} = {6BD42476-B63A-42D1-B28C-4747992DBF57}
		{59CA4E0C-18BA-401D-A458-D9C304F4CC36} = {6BD42476-B63A-42D1-B28C-4747992DBF57}
		{D00916E1-E69A-41C8-918A-0E30F31FF9C6} = {6BD42476-B63A-42D1-B28C-4747992DBF57}
		{934ED938-81B4-4AC2-80A6-9B3354C9D3C8} = {6BD42476-B63A-42D1-B28C-4747992DBF57}
		{75CB7302-CE21-4683-BA09-F1F4319E5F35} = {6BD42476-B63A-42D1-B28C-4747992DBF57}
		{783E63B4-CC13-4238-A813-67A9F2AEA710} = {6BD42476-B63A-42D1-B28C-4747992DBF57}
		{5B82BC3C-DAAA-4CC0-8C49-BA026481C6F9} = {6BD42476-B63A-42D1-B28C-4747992DBF57}
		{10B9286C-0352-4944-AB33-0E6F55639146} = {6BD42476-B63A-42D1-B28C-4747992DBF57}
		{7197ECF1-1B8D-4684-8996-D6FE7F141ABD} = {6BD42476-B63A-42D1-B28C-4747992DBF57}
		{433DFB50-3252-4EE6-8CE1-5A590E29B1B1} = {6BD42476-B63A-42D1-B28C-4747992DBF57}
		{B8F5181E-9E5F-45F2-AC70-4E0DCFA0F200} = {7ED46C64-D7A9-46F9-B5E5-8773C4B08A0F}
		{F425F209-6FFB-4891-A6DA-6B41B4FFCD2E} = {7ED46C64-D7A9-46F9-B5E5-8773C4B08A0F}
		{21A1D062-70F9-46DB-B731-A3687494B609} = {7ED46C64-D7A9-46F9-B5E5-8773C4B08A0F}
		{2DCE2FA9-3917-47C6-9B44-7B824523A78D} = {7ED46C64-D7A9-46F9-B5E5-8773C4B08A0F}
		{2562AD61-53E3-442F-B970-36EB7FF5D11B} = {7ED46C64-D7A9-46F9-B5E5-8773C4B08A0F}
		{03EFD688-4306-40DD-9EBD-60C42FC20F13} = {7ED46C64-D7A9-46F9-B5E5-8773C4B08A0F}
		{53D8FE8D-3271-4524-9919-010239954B68} = {7ED46C64-D7A9-46F9-B5E5-8773C4B08A0F}
		{87FFDEFC-7E45-4756-A5DF-EC4434E419DF} = {7ED46C64-D7A9-46F9-B5E5-8773C4B08A0F}
		{E32CF84B-CC97-48CF-A1BC-23F60D017155} = {7ED46C64-D7A9-46F9-B5E5-8773C4B08A0F}
		{D420BDEE-33DA-4467-9F6D-2C8309E21F81} = {7ED46C64-D7A9-46F9-B5E5-8773C4B08A0F}
		{2EA7BBD2-AA59-49EC-99AF-FF07F1A5239F} = {7ED46C64-D7A9-46F9-B5E5-8773C4B08A0F}
		{E9A5F8F1-F76B-4C22-8AAB-71C707F24E9B} = {7ED46C64-D7A9-46F9-B5E5-8773C4B08A0F}
		{1DE4916C-384D-480A-A8BB-19BEC72F9265} = {7ED46C64-D7A9-46F9-B5E5-8773C4B08A0F}
		{CBA2E7CA-5C92-4CD5-924A-181B69CF3CEE} = {7ED46C64-D7A9-46F9-B5E5-8773C4B08A0F}
		{A7E391A8-0BE3-47E7-B729-0A7E4FDC890A} = {7ED46C64-D7A9-46F9-B5E5-8773C4B08A0F}
		{CA4BE575-C1A7-46B2-85CB-08DD3F4378EB} = {7ED46C64-D7A9-46F9-B5E5-8773C4B08A0F}
		{8EAD43B4-B00B-403C-B676-3B5A6C8D2685} = {7ED46C64-D7A9-46F9-B5E5-8773C4B08A0F}
		{E52A99CE-6E20-4CBE-A1CA-FD969A5A77E5} = {7ED46C64-D7A9-46F9-B5E5-8773C4B08A0F}
		{E610B49F-416B-4C44-8030-03808175EE0E} = {7ED46C64-D7A9-46F9-B5E5-8773C4B08A0F}
		{E9F596E9-4594-4E9C-9A4A-4874F804D8D7} = {7ED46C64-D7A9-46F9-B5E5-8773C4B08A0F}
		{D2945F4D-85C5-49D7-B1EF-27687F990C5E} = {7ED46C64-D7A9-46F9-B5E5-8773C4B08A0F}
		{1419AAC3-3DBC-4C81-8D9D-48929D9F68E3} = {7ED46C64-D7A9-46F9-B5E5-8773C4B08A0F}
		{C975451E-B1A5-482D-A9BE-FADC2001D87B} = {7ED46C64-D7A9-46F9-B5E5-8773C4B08A0F}
		{2E53FCDB-1D6D-4276-A585-98325D809BC9} = {7ED46C64-D7A9-46F9-B5E5-8773C4B08A0F}
		{3C8F1C69-90EB-48E8-85D5-7B268EA49BC1} = {7ED46C64-D7A9-46F9-B5E5-8773C4B08A0F}
		{F8D96147-296D-4F5E-840D-9DFE699DA681} = {6BD42476-B63A-42D1-B28C-4747992DBF57}
		{0DE07223-2549-4414-B3CC-BEF6E5877704} = {6BD42476-B63A-42D1-B28C-4747992DBF57}
		{AFF880AF-6FD4-4A89-BED7-1E0F116543C0} = {6BD42476-B63A-42D1-B28C-4747992DBF57}
		{A60CAD73-1351-4B95-9E1A-BCA216F749B3} = {2D217C68-EA9A-4C3E-8C11-766A33F1B96B}
		{60ED642C-B67E-4BCA-83AE-4B02193D82B9} = {2D217C68-EA9A-4C3E-8C11-766A33F1B96B}
		{5B8923C5-F036-4CD1-A1BD-0DCF93194217} = {2D217C68-EA9A-4C3E-8C11-766A33F1B96B}
		{B9153D28-50B8-40C9-A2D6-53508053F468} = {66340BD9-ED72-4DAD-9260-C2C2D6078C33}
	EndGlobalSection
	GlobalSection(ExtensibilityGlobals) = postSolution
		SolutionGuid = {4ED77427-AC43-44A5-B226-98E30A70CBA7}
	EndGlobalSection
EndGlobal
