
Microsoft Visual Studio Solution File, Format Version 12.00
# Visual Studio Version 17
VisualStudioVersion = 17.10.35027.167
MinimumVisualStudioVersion = 10.0.40219.1
Project("{9A19103F-16F7-4668-BE54-9A1E7A4F7556}") = "Task1A", "Task.CSharpBase\Task1A.csproj", "{D83854C7-A130-4776-B9AF-8CA6D395E83E}"
EndProject
Project("{2150E333-8FDC-42A3-9474-1A3956D46DE8}") = "Task1.CSharpBase", "Task1.CSharpBase", "{AB946DED-F48B-485C-B60F-72C6FD80F086}"
EndProject
Project("{9A19103F-16F7-4668-BE54-9A1E7A4F7556}") = "Task1B", "Task1B\Task1B.csproj", "{6C89C1CA-985B-4247-87E9-3AADB9C013E6}"
EndProject
Project("{9A19103F-16F7-4668-BE54-9A1E7A4F7556}") = "Practice1.Task1.Variables", "Task1.Variables\Practice1.Task1.Variables.csproj", "{662F92D3-BD14-4A63-99C4-E35D4CFC2D32}"
EndProject
Project("{9A19103F-16F7-4668-BE54-9A1E7A4F7556}") = "Practice1.Task2.Variables", "Task2.Variables\Practice1.Task2.Variables.csproj", "{24360058-2E04-4928-B680-A0CB83FAA51B}"
EndProject
Project("{9A19103F-16F7-4668-BE54-9A1E7A4F7556}") = "Practice1.Task3.Greetings", "Task3.Greetings\Practice1.Task3.Greetings.csproj", "{ED9997FD-4E26-4A72-8C3F-7C63D6B858A0}"
EndProject
Project("{9A19103F-16F7-4668-BE54-9A1E7A4F7556}") = "Practice1.Task4.Phrases", "Task4.Phrases\Practice1.Task4.Phrases.csproj", "{03A9AA90-8444-4DB1-BC5F-956ABD9361C1}"
EndProject
Project("{9A19103F-16F7-4668-BE54-9A1E7A4F7556}") = "Practice1.Task5.CircleArea", "Task5.CircleArea\Practice1.Task5.CircleArea.csproj", "{28FFA031-25E9-41C5-971B-92D7979081B8}"
EndProject
Project("{9A19103F-16F7-4668-BE54-9A1E7A4F7556}") = "Practice1.Task6.Triangle", "Task6.Triangle\Practice1.Task6.Triangle.csproj", "{5E01A671-2AE8-4E18-8552-CF7BBDF6B8BD}"
EndProject
Project("{2150E333-8FDC-42A3-9474-1A3956D46DE8}") = "Practice1", "Practice1", "{EDB2EFFE-0259-4FEC-ADE8-E1A32D5E4268}"
EndProject
Project("{2150E333-8FDC-42A3-9474-1A3956D46DE8}") = "Practice2", "Practice2", "{7ED46C64-D7A9-46F9-B5E5-8773C4B08A0F}"
EndProject
Project("{9A19103F-16F7-4668-BE54-9A1E7A4F7556}") = "Practice2.Task1", "Practice2.Task1\Practice2.Task1.csproj", "{5E5B356B-2A29-49D7-A963-D341B49DCF91}"
EndProject
Project("{9A19103F-16F7-4668-BE54-9A1E7A4F7556}") = "Practice2.Task2", "Practice2.Task2\Practice2.Task2.csproj", "{36DF9E78-ED3C-4D05-8B55-EE058D86C385}"
EndProject
Project("{9A19103F-16F7-4668-BE54-9A1E7A4F7556}") = "Practice2.Task3", "Practice2.Task3\Practice2.Task3.csproj", "{4886FE73-A931-4177-96A1-DC2E6B8EB27B}"
EndProject
Project("{9A19103F-16F7-4668-BE54-9A1E7A4F7556}") = "Practice2.Task4", "Practice2.Task4\Practice2.Task4.csproj", "{9DC96F46-0A8B-4544-BC93-D4AE22612083}"
EndProject
Project("{9A19103F-16F7-4668-BE54-9A1E7A4F7556}") = "Practice2.Task5", "Practice2.Task5\Practice2.Task5.csproj", "{53FE5CCF-66EB-4849-BE8B-357AAC734A3C}"
EndProject
Project("{9A19103F-16F7-4668-BE54-9A1E7A4F7556}") = "Practice2.Task6", "Practice2.Task6\Practice2.Task6.csproj", "{88C100C0-1674-43BF-8C3E-3C146ABA4E62}"
EndProject
Project("{9A19103F-16F7-4668-BE54-9A1E7A4F7556}") = "Practice2.Task7", "Practice2.Task7\Practice2.Task7.csproj", "{EDF5878A-FD21-4300-B183-DC6117519709}"
EndProject
Project("{9A19103F-16F7-4668-BE54-9A1E7A4F7556}") = "Practice2.Task8", "Practice2.Task8\Practice2.Task8.csproj", "{A063947A-18FA-40E5-90C8-BAB49DC402F6}"
EndProject
Project("{9A19103F-16F7-4668-BE54-9A1E7A4F7556}") = "Practice2.Task9", "Practice2.Task9\Practice2.Task9.csproj", "{BA778C79-83CE-4DBF-ACA2-8BA4E7CFA108}"
EndProject
Project("{FAE04EC0-301F-11D3-BF4B-00C04F79EFBC}") = "Practice2.Task10", "Practice2.Task10\Practice2.Task10.csproj", "{69FECDAC-4FA0-467F-9E5E-9B35E294A594}"
EndProject
Project("{FAE04EC0-301F-11D3-BF4B-00C04F79EFBC}") = "Practice2.Task11", "Practice2.Task11\Practice2.Task11.csproj", "{9FA7E09C-9F23-44B9-85FD-39999D7D1971}"
EndProject
Project("{FAE04EC0-301F-11D3-BF4B-00C04F79EFBC}") = "Practice2.Task12", "Practice2.Task12\Practice2.Task12.csproj", "{10E1DF6F-BFCD-4A92-A6C6-11F8D11024C9}"
EndProject
Project("{FAE04EC0-301F-11D3-BF4B-00C04F79EFBC}") = "Practice2.Task13", "Practice2.Task13\Practice2.Task13.csproj", "{15C5476F-050F-436B-AD4B-9EB515B896A0}"
EndProject
Project("{FAE04EC0-301F-11D3-BF4B-00C04F79EFBC}") = "Practice2.Task14", "Practice2.Task14\Practice2.Task14.csproj", "{CC4D2061-3A07-4E1B-948F-ACF338B2D8AC}"
EndProject
Project("{FAE04EC0-301F-11D3-BF4B-00C04F79EFBC}") = "Practice2.Task15", "Practice2.Task15\Practice2.Task15.csproj", "{40BCA5E9-9554-40DB-9BF4-E84E4E211A8B}"
EndProject
Project("{FAE04EC0-301F-11D3-BF4B-00C04F79EFBC}") = "Practice2.Task16", "Practice2.Task16\Practice2.Task16.csproj", "{0D80D3B5-1601-4A9C-8EC5-878BA3476203}"
EndProject
Project("{FAE04EC0-301F-11D3-BF4B-00C04F79EFBC}") = "Practice2.Task17", "Practice2.Task17\Practice2.Task17.csproj", "{D41EACEE-35AB-4E92-B3CF-989F64DABE23}"
EndProject
Project("{FAE04EC0-301F-11D3-BF4B-00C04F79EFBC}") = "Practice2.Task18", "Practice2.Task18\Practice2.Task18.csproj", "{944C7815-4A53-4B03-B15D-796AF1A7195F}"
EndProject
Project("{FAE04EC0-301F-11D3-BF4B-00C04F79EFBC}") = "Practice2.Task19", "Practice2.Task19\Practice2.Task19.csproj", "{132C15B2-6CED-410C-A55E-282784B9B1AB}"
EndProject
Project("{FAE04EC0-301F-11D3-BF4B-00C04F79EFBC}") = "Practice2.Task20", "Practice2.Task20\Practice2.Task20.csproj", "{9D38F029-C188-4A1B-A373-3B05C4DF2F46}"
EndProject
Project("{FAE04EC0-301F-11D3-BF4B-00C04F79EFBC}") = "Practice2.Task21", "Practice2.Task21\Practice2.Task21.csproj", "{924D1F6D-25D7-43B9-9A00-FE83E6513A4D}"
EndProject
Global
	GlobalSection(SolutionConfigurationPlatforms) = preSolution
		CheckIn|Any CPU = CheckIn|Any CPU
		Debug|Any CPU = Debug|Any CPU
		Release|Any CPU = Release|Any CPU
	EndGlobalSection
	GlobalSection(ProjectConfigurationPlatforms) = postSolution
		{D83854C7-A130-4776-B9AF-8CA6D395E83E}.CheckIn|Any CPU.ActiveCfg = CheckIn|Any CPU
		{D83854C7-A130-4776-B9AF-8CA6D395E83E}.CheckIn|Any CPU.Build.0 = CheckIn|Any CPU
		{D83854C7-A130-4776-B9AF-8CA6D395E83E}.Debug|Any CPU.ActiveCfg = Debug|Any CPU
		{D83854C7-A130-4776-B9AF-8CA6D395E83E}.Debug|Any CPU.Build.0 = Debug|Any CPU
		{D83854C7-A130-4776-B9AF-8CA6D395E83E}.Release|Any CPU.ActiveCfg = Release|Any CPU
		{D83854C7-A130-4776-B9AF-8CA6D395E83E}.Release|Any CPU.Build.0 = Release|Any CPU
		{6C89C1CA-985B-4247-87E9-3AADB9C013E6}.CheckIn|Any CPU.ActiveCfg = Release|Any CPU
		{6C89C1CA-985B-4247-87E9-3AADB9C013E6}.CheckIn|Any CPU.Build.0 = Release|Any CPU
		{6C89C1CA-985B-4247-87E9-3AADB9C013E6}.Debug|Any CPU.ActiveCfg = Debug|Any CPU
		{6C89C1CA-985B-4247-87E9-3AADB9C013E6}.Debug|Any CPU.Build.0 = Debug|Any CPU
		{6C89C1CA-985B-4247-87E9-3AADB9C013E6}.Release|Any CPU.ActiveCfg = Release|Any CPU
		{6C89C1CA-985B-4247-87E9-3AADB9C013E6}.Release|Any CPU.Build.0 = Release|Any CPU
		{662F92D3-BD14-4A63-99C4-E35D4CFC2D32}.CheckIn|Any CPU.ActiveCfg = Debug|Any CPU
		{662F92D3-BD14-4A63-99C4-E35D4CFC2D32}.CheckIn|Any CPU.Build.0 = Debug|Any CPU
		{662F92D3-BD14-4A63-99C4-E35D4CFC2D32}.Debug|Any CPU.ActiveCfg = Debug|Any CPU
		{662F92D3-BD14-4A63-99C4-E35D4CFC2D32}.Debug|Any CPU.Build.0 = Debug|Any CPU
		{662F92D3-BD14-4A63-99C4-E35D4CFC2D32}.Release|Any CPU.ActiveCfg = Release|Any CPU
		{662F92D3-BD14-4A63-99C4-E35D4CFC2D32}.Release|Any CPU.Build.0 = Release|Any CPU
		{24360058-2E04-4928-B680-A0CB83FAA51B}.CheckIn|Any CPU.ActiveCfg = Debug|Any CPU
		{24360058-2E04-4928-B680-A0CB83FAA51B}.CheckIn|Any CPU.Build.0 = Debug|Any CPU
		{24360058-2E04-4928-B680-A0CB83FAA51B}.Debug|Any CPU.ActiveCfg = Debug|Any CPU
		{24360058-2E04-4928-B680-A0CB83FAA51B}.Debug|Any CPU.Build.0 = Debug|Any CPU
		{24360058-2E04-4928-B680-A0CB83FAA51B}.Release|Any CPU.ActiveCfg = Release|Any CPU
		{24360058-2E04-4928-B680-A0CB83FAA51B}.Release|Any CPU.Build.0 = Release|Any CPU
		{ED9997FD-4E26-4A72-8C3F-7C63D6B858A0}.CheckIn|Any CPU.ActiveCfg = Debug|Any CPU
		{ED9997FD-4E26-4A72-8C3F-7C63D6B858A0}.CheckIn|Any CPU.Build.0 = Debug|Any CPU
		{ED9997FD-4E26-4A72-8C3F-7C63D6B858A0}.Debug|Any CPU.ActiveCfg = Debug|Any CPU
		{ED9997FD-4E26-4A72-8C3F-7C63D6B858A0}.Debug|Any CPU.Build.0 = Debug|Any CPU
		{ED9997FD-4E26-4A72-8C3F-7C63D6B858A0}.Release|Any CPU.ActiveCfg = Release|Any CPU
		{ED9997FD-4E26-4A72-8C3F-7C63D6B858A0}.Release|Any CPU.Build.0 = Release|Any CPU
		{03A9AA90-8444-4DB1-BC5F-956ABD9361C1}.CheckIn|Any CPU.ActiveCfg = Debug|Any CPU
		{03A9AA90-8444-4DB1-BC5F-956ABD9361C1}.CheckIn|Any CPU.Build.0 = Debug|Any CPU
		{03A9AA90-8444-4DB1-BC5F-956ABD9361C1}.Debug|Any CPU.ActiveCfg = Debug|Any CPU
		{03A9AA90-8444-4DB1-BC5F-956ABD9361C1}.Debug|Any CPU.Build.0 = Debug|Any CPU
		{03A9AA90-8444-4DB1-BC5F-956ABD9361C1}.Release|Any CPU.ActiveCfg = Release|Any CPU
		{03A9AA90-8444-4DB1-BC5F-956ABD9361C1}.Release|Any CPU.Build.0 = Release|Any CPU
		{28FFA031-25E9-41C5-971B-92D7979081B8}.CheckIn|Any CPU.ActiveCfg = Debug|Any CPU
		{28FFA031-25E9-41C5-971B-92D7979081B8}.CheckIn|Any CPU.Build.0 = Debug|Any CPU
		{28FFA031-25E9-41C5-971B-92D7979081B8}.Debug|Any CPU.ActiveCfg = Debug|Any CPU
		{28FFA031-25E9-41C5-971B-92D7979081B8}.Debug|Any CPU.Build.0 = Debug|Any CPU
		{28FFA031-25E9-41C5-971B-92D7979081B8}.Release|Any CPU.ActiveCfg = Release|Any CPU
		{28FFA031-25E9-41C5-971B-92D7979081B8}.Release|Any CPU.Build.0 = Release|Any CPU
		{5E01A671-2AE8-4E18-8552-CF7BBDF6B8BD}.CheckIn|Any CPU.ActiveCfg = Debug|Any CPU
		{5E01A671-2AE8-4E18-8552-CF7BBDF6B8BD}.CheckIn|Any CPU.Build.0 = Debug|Any CPU
		{5E01A671-2AE8-4E18-8552-CF7BBDF6B8BD}.Debug|Any CPU.ActiveCfg = Debug|Any CPU
		{5E01A671-2AE8-4E18-8552-CF7BBDF6B8BD}.Debug|Any CPU.Build.0 = Debug|Any CPU
		{5E01A671-2AE8-4E18-8552-CF7BBDF6B8BD}.Release|Any CPU.ActiveCfg = Release|Any CPU
		{5E01A671-2AE8-4E18-8552-CF7BBDF6B8BD}.Release|Any CPU.Build.0 = Release|Any CPU
		{5E5B356B-2A29-49D7-A963-D341B49DCF91}.CheckIn|Any CPU.ActiveCfg = Debug|Any CPU
		{5E5B356B-2A29-49D7-A963-D341B49DCF91}.CheckIn|Any CPU.Build.0 = Debug|Any CPU
		{5E5B356B-2A29-49D7-A963-D341B49DCF91}.Debug|Any CPU.ActiveCfg = Debug|Any CPU
		{5E5B356B-2A29-49D7-A963-D341B49DCF91}.Debug|Any CPU.Build.0 = Debug|Any CPU
		{5E5B356B-2A29-49D7-A963-D341B49DCF91}.Release|Any CPU.ActiveCfg = Release|Any CPU
		{5E5B356B-2A29-49D7-A963-D341B49DCF91}.Release|Any CPU.Build.0 = Release|Any CPU
		{36DF9E78-ED3C-4D05-8B55-EE058D86C385}.CheckIn|Any CPU.ActiveCfg = Debug|Any CPU
		{36DF9E78-ED3C-4D05-8B55-EE058D86C385}.CheckIn|Any CPU.Build.0 = Debug|Any CPU
		{36DF9E78-ED3C-4D05-8B55-EE058D86C385}.Debug|Any CPU.ActiveCfg = Debug|Any CPU
		{36DF9E78-ED3C-4D05-8B55-EE058D86C385}.Debug|Any CPU.Build.0 = Debug|Any CPU
		{36DF9E78-ED3C-4D05-8B55-EE058D86C385}.Release|Any CPU.ActiveCfg = Release|Any CPU
		{36DF9E78-ED3C-4D05-8B55-EE058D86C385}.Release|Any CPU.Build.0 = Release|Any CPU
		{4886FE73-A931-4177-96A1-DC2E6B8EB27B}.CheckIn|Any CPU.ActiveCfg = Debug|Any CPU
		{4886FE73-A931-4177-96A1-DC2E6B8EB27B}.CheckIn|Any CPU.Build.0 = Debug|Any CPU
		{4886FE73-A931-4177-96A1-DC2E6B8EB27B}.Debug|Any CPU.ActiveCfg = Debug|Any CPU
		{4886FE73-A931-4177-96A1-DC2E6B8EB27B}.Debug|Any CPU.Build.0 = Debug|Any CPU
		{4886FE73-A931-4177-96A1-DC2E6B8EB27B}.Release|Any CPU.ActiveCfg = Release|Any CPU
		{4886FE73-A931-4177-96A1-DC2E6B8EB27B}.Release|Any CPU.Build.0 = Release|Any CPU
		{9DC96F46-0A8B-4544-BC93-D4AE22612083}.CheckIn|Any CPU.ActiveCfg = Debug|Any CPU
		{9DC96F46-0A8B-4544-BC93-D4AE22612083}.CheckIn|Any CPU.Build.0 = Debug|Any CPU
		{9DC96F46-0A8B-4544-BC93-D4AE22612083}.Debug|Any CPU.ActiveCfg = Debug|Any CPU
		{9DC96F46-0A8B-4544-BC93-D4AE22612083}.Debug|Any CPU.Build.0 = Debug|Any CPU
		{9DC96F46-0A8B-4544-BC93-D4AE22612083}.Release|Any CPU.ActiveCfg = Release|Any CPU
		{9DC96F46-0A8B-4544-BC93-D4AE22612083}.Release|Any CPU.Build.0 = Release|Any CPU
		{53FE5CCF-66EB-4849-BE8B-357AAC734A3C}.CheckIn|Any CPU.ActiveCfg = Debug|Any CPU
		{53FE5CCF-66EB-4849-BE8B-357AAC734A3C}.CheckIn|Any CPU.Build.0 = Debug|Any CPU
		{53FE5CCF-66EB-4849-BE8B-357AAC734A3C}.Debug|Any CPU.ActiveCfg = Debug|Any CPU
		{53FE5CCF-66EB-4849-BE8B-357AAC734A3C}.Debug|Any CPU.Build.0 = Debug|Any CPU
		{53FE5CCF-66EB-4849-BE8B-357AAC734A3C}.Release|Any CPU.ActiveCfg = Release|Any CPU
		{53FE5CCF-66EB-4849-BE8B-357AAC734A3C}.Release|Any CPU.Build.0 = Release|Any CPU
		{88C100C0-1674-43BF-8C3E-3C146ABA4E62}.CheckIn|Any CPU.ActiveCfg = Debug|Any CPU
		{88C100C0-1674-43BF-8C3E-3C146ABA4E62}.CheckIn|Any CPU.Build.0 = Debug|Any CPU
		{88C100C0-1674-43BF-8C3E-3C146ABA4E62}.Debug|Any CPU.ActiveCfg = Debug|Any CPU
		{88C100C0-1674-43BF-8C3E-3C146ABA4E62}.Debug|Any CPU.Build.0 = Debug|Any CPU
		{88C100C0-1674-43BF-8C3E-3C146ABA4E62}.Release|Any CPU.ActiveCfg = Release|Any CPU
		{88C100C0-1674-43BF-8C3E-3C146ABA4E62}.Release|Any CPU.Build.0 = Release|Any CPU
		{EDF5878A-FD21-4300-B183-DC6117519709}.CheckIn|Any CPU.ActiveCfg = Debug|Any CPU
		{EDF5878A-FD21-4300-B183-DC6117519709}.CheckIn|Any CPU.Build.0 = Debug|Any CPU
		{EDF5878A-FD21-4300-B183-DC6117519709}.Debug|Any CPU.ActiveCfg = Debug|Any CPU
		{EDF5878A-FD21-4300-B183-DC6117519709}.Debug|Any CPU.Build.0 = Debug|Any CPU
		{EDF5878A-FD21-4300-B183-DC6117519709}.Release|Any CPU.ActiveCfg = Release|Any CPU
		{EDF5878A-FD21-4300-B183-DC6117519709}.Release|Any CPU.Build.0 = Release|Any CPU
		{A063947A-18FA-40E5-90C8-BAB49DC402F6}.CheckIn|Any CPU.ActiveCfg = Debug|Any CPU
		{A063947A-18FA-40E5-90C8-BAB49DC402F6}.CheckIn|Any CPU.Build.0 = Debug|Any CPU
		{A063947A-18FA-40E5-90C8-BAB49DC402F6}.Debug|Any CPU.ActiveCfg = Debug|Any CPU
		{A063947A-18FA-40E5-90C8-BAB49DC402F6}.Debug|Any CPU.Build.0 = Debug|Any CPU
		{A063947A-18FA-40E5-90C8-BAB49DC402F6}.Release|Any CPU.ActiveCfg = Release|Any CPU
		{A063947A-18FA-40E5-90C8-BAB49DC402F6}.Release|Any CPU.Build.0 = Release|Any CPU
		{BA778C79-83CE-4DBF-ACA2-8BA4E7CFA108}.CheckIn|Any CPU.ActiveCfg = Debug|Any CPU
		{BA778C79-83CE-4DBF-ACA2-8BA4E7CFA108}.CheckIn|Any CPU.Build.0 = Debug|Any CPU
		{BA778C79-83CE-4DBF-ACA2-8BA4E7CFA108}.Debug|Any CPU.ActiveCfg = Debug|Any CPU
		{BA778C79-83CE-4DBF-ACA2-8BA4E7CFA108}.Debug|Any CPU.Build.0 = Debug|Any CPU
		{BA778C79-83CE-4DBF-ACA2-8BA4E7CFA108}.Release|Any CPU.ActiveCfg = Release|Any CPU
		{BA778C79-83CE-4DBF-ACA2-8BA4E7CFA108}.Release|Any CPU.Build.0 = Release|Any CPU
		{69FECDAC-4FA0-467F-9E5E-9B35E294A594}.CheckIn|Any CPU.ActiveCfg = Debug|Any CPU
		{69FECDAC-4FA0-467F-9E5E-9B35E294A594}.CheckIn|Any CPU.Build.0 = Debug|Any CPU
		{69FECDAC-4FA0-467F-9E5E-9B35E294A594}.Debug|Any CPU.ActiveCfg = Debug|Any CPU
		{69FECDAC-4FA0-467F-9E5E-9B35E294A594}.Debug|Any CPU.Build.0 = Debug|Any CPU
		{69FECDAC-4FA0-467F-9E5E-9B35E294A594}.Release|Any CPU.ActiveCfg = Release|Any CPU
		{69FECDAC-4FA0-467F-9E5E-9B35E294A594}.Release|Any CPU.Build.0 = Release|Any CPU
		{9FA7E09C-9F23-44B9-85FD-39999D7D1971}.CheckIn|Any CPU.ActiveCfg = Debug|Any CPU
		{9FA7E09C-9F23-44B9-85FD-39999D7D1971}.CheckIn|Any CPU.Build.0 = Debug|Any CPU
		{9FA7E09C-9F23-44B9-85FD-39999D7D1971}.Debug|Any CPU.ActiveCfg = Debug|Any CPU
		{9FA7E09C-9F23-44B9-85FD-39999D7D1971}.Debug|Any CPU.Build.0 = Debug|Any CPU
		{9FA7E09C-9F23-44B9-85FD-39999D7D1971}.Release|Any CPU.ActiveCfg = Release|Any CPU
		{9FA7E09C-9F23-44B9-85FD-39999D7D1971}.Release|Any CPU.Build.0 = Release|Any CPU
		{10E1DF6F-BFCD-4A92-A6C6-11F8D11024C9}.CheckIn|Any CPU.ActiveCfg = Debug|Any CPU
		{10E1DF6F-BFCD-4A92-A6C6-11F8D11024C9}.CheckIn|Any CPU.Build.0 = Debug|Any CPU
		{10E1DF6F-BFCD-4A92-A6C6-11F8D11024C9}.Debug|Any CPU.ActiveCfg = Debug|Any CPU
		{10E1DF6F-BFCD-4A92-A6C6-11F8D11024C9}.Debug|Any CPU.Build.0 = Debug|Any CPU
		{10E1DF6F-BFCD-4A92-A6C6-11F8D11024C9}.Release|Any CPU.ActiveCfg = Release|Any CPU
		{10E1DF6F-BFCD-4A92-A6C6-11F8D11024C9}.Release|Any CPU.Build.0 = Release|Any CPU
		{15C5476F-050F-436B-AD4B-9EB515B896A0}.CheckIn|Any CPU.ActiveCfg = Debug|Any CPU
		{15C5476F-050F-436B-AD4B-9EB515B896A0}.CheckIn|Any CPU.Build.0 = Debug|Any CPU
		{15C5476F-050F-436B-AD4B-9EB515B896A0}.Debug|Any CPU.ActiveCfg = Debug|Any CPU
		{15C5476F-050F-436B-AD4B-9EB515B896A0}.Debug|Any CPU.Build.0 = Debug|Any CPU
		{15C5476F-050F-436B-AD4B-9EB515B896A0}.Release|Any CPU.ActiveCfg = Release|Any CPU
		{15C5476F-050F-436B-AD4B-9EB515B896A0}.Release|Any CPU.Build.0 = Release|Any CPU
		{CC4D2061-3A07-4E1B-948F-ACF338B2D8AC}.CheckIn|Any CPU.ActiveCfg = Debug|Any CPU
		{CC4D2061-3A07-4E1B-948F-ACF338B2D8AC}.CheckIn|Any CPU.Build.0 = Debug|Any CPU
		{CC4D2061-3A07-4E1B-948F-ACF338B2D8AC}.Debug|Any CPU.ActiveCfg = Debug|Any CPU
		{CC4D2061-3A07-4E1B-948F-ACF338B2D8AC}.Debug|Any CPU.Build.0 = Debug|Any CPU
		{CC4D2061-3A07-4E1B-948F-ACF338B2D8AC}.Release|Any CPU.ActiveCfg = Release|Any CPU
		{CC4D2061-3A07-4E1B-948F-ACF338B2D8AC}.Release|Any CPU.Build.0 = Release|Any CPU
		{40BCA5E9-9554-40DB-9BF4-E84E4E211A8B}.CheckIn|Any CPU.ActiveCfg = Debug|Any CPU
		{40BCA5E9-9554-40DB-9BF4-E84E4E211A8B}.CheckIn|Any CPU.Build.0 = Debug|Any CPU
		{40BCA5E9-9554-40DB-9BF4-E84E4E211A8B}.Debug|Any CPU.ActiveCfg = Debug|Any CPU
		{40BCA5E9-9554-40DB-9BF4-E84E4E211A8B}.Debug|Any CPU.Build.0 = Debug|Any CPU
		{40BCA5E9-9554-40DB-9BF4-E84E4E211A8B}.Release|Any CPU.ActiveCfg = Release|Any CPU
		{40BCA5E9-9554-40DB-9BF4-E84E4E211A8B}.Release|Any CPU.Build.0 = Release|Any CPU
		{0D80D3B5-1601-4A9C-8EC5-878BA3476203}.CheckIn|Any CPU.ActiveCfg = Debug|Any CPU
		{0D80D3B5-1601-4A9C-8EC5-878BA3476203}.CheckIn|Any CPU.Build.0 = Debug|Any CPU
		{0D80D3B5-1601-4A9C-8EC5-878BA3476203}.Debug|Any CPU.ActiveCfg = Debug|Any CPU
		{0D80D3B5-1601-4A9C-8EC5-878BA3476203}.Debug|Any CPU.Build.0 = Debug|Any CPU
		{0D80D3B5-1601-4A9C-8EC5-878BA3476203}.Release|Any CPU.ActiveCfg = Release|Any CPU
		{0D80D3B5-1601-4A9C-8EC5-878BA3476203}.Release|Any CPU.Build.0 = Release|Any CPU
		{D41EACEE-35AB-4E92-B3CF-989F64DABE23}.CheckIn|Any CPU.ActiveCfg = Debug|Any CPU
		{D41EACEE-35AB-4E92-B3CF-989F64DABE23}.CheckIn|Any CPU.Build.0 = Debug|Any CPU
		{D41EACEE-35AB-4E92-B3CF-989F64DABE23}.Debug|Any CPU.ActiveCfg = Debug|Any CPU
		{D41EACEE-35AB-4E92-B3CF-989F64DABE23}.Debug|Any CPU.Build.0 = Debug|Any CPU
		{D41EACEE-35AB-4E92-B3CF-989F64DABE23}.Release|Any CPU.ActiveCfg = Release|Any CPU
		{D41EACEE-35AB-4E92-B3CF-989F64DABE23}.Release|Any CPU.Build.0 = Release|Any CPU
		{944C7815-4A53-4B03-B15D-796AF1A7195F}.CheckIn|Any CPU.ActiveCfg = Debug|Any CPU
		{944C7815-4A53-4B03-B15D-796AF1A7195F}.CheckIn|Any CPU.Build.0 = Debug|Any CPU
		{944C7815-4A53-4B03-B15D-796AF1A7195F}.Debug|Any CPU.ActiveCfg = Debug|Any CPU
		{944C7815-4A53-4B03-B15D-796AF1A7195F}.Debug|Any CPU.Build.0 = Debug|Any CPU
		{944C7815-4A53-4B03-B15D-796AF1A7195F}.Release|Any CPU.ActiveCfg = Release|Any CPU
		{944C7815-4A53-4B03-B15D-796AF1A7195F}.Release|Any CPU.Build.0 = Release|Any CPU
		{132C15B2-6CED-410C-A55E-282784B9B1AB}.CheckIn|Any CPU.ActiveCfg = Debug|Any CPU
		{132C15B2-6CED-410C-A55E-282784B9B1AB}.CheckIn|Any CPU.Build.0 = Debug|Any CPU
		{132C15B2-6CED-410C-A55E-282784B9B1AB}.Debug|Any CPU.ActiveCfg = Debug|Any CPU
		{132C15B2-6CED-410C-A55E-282784B9B1AB}.Debug|Any CPU.Build.0 = Debug|Any CPU
		{132C15B2-6CED-410C-A55E-282784B9B1AB}.Release|Any CPU.ActiveCfg = Release|Any CPU
		{132C15B2-6CED-410C-A55E-282784B9B1AB}.Release|Any CPU.Build.0 = Release|Any CPU
		{9D38F029-C188-4A1B-A373-3B05C4DF2F46}.CheckIn|Any CPU.ActiveCfg = Debug|Any CPU
		{9D38F029-C188-4A1B-A373-3B05C4DF2F46}.CheckIn|Any CPU.Build.0 = Debug|Any CPU
		{9D38F029-C188-4A1B-A373-3B05C4DF2F46}.Debug|Any CPU.ActiveCfg = Debug|Any CPU
		{9D38F029-C188-4A1B-A373-3B05C4DF2F46}.Debug|Any CPU.Build.0 = Debug|Any CPU
		{9D38F029-C188-4A1B-A373-3B05C4DF2F46}.Release|Any CPU.ActiveCfg = Release|Any CPU
		{9D38F029-C188-4A1B-A373-3B05C4DF2F46}.Release|Any CPU.Build.0 = Release|Any CPU
		{924D1F6D-25D7-43B9-9A00-FE83E6513A4D}.CheckIn|Any CPU.ActiveCfg = Debug|Any CPU
		{924D1F6D-25D7-43B9-9A00-FE83E6513A4D}.CheckIn|Any CPU.Build.0 = Debug|Any CPU
		{924D1F6D-25D7-43B9-9A00-FE83E6513A4D}.Debug|Any CPU.ActiveCfg = Debug|Any CPU
		{924D1F6D-25D7-43B9-9A00-FE83E6513A4D}.Debug|Any CPU.Build.0 = Debug|Any CPU
		{924D1F6D-25D7-43B9-9A00-FE83E6513A4D}.Release|Any CPU.ActiveCfg = Release|Any CPU
		{924D1F6D-25D7-43B9-9A00-FE83E6513A4D}.Release|Any CPU.Build.0 = Release|Any CPU
	EndGlobalSection
	GlobalSection(SolutionProperties) = preSolution
		HideSolutionNode = FALSE
	EndGlobalSection
	GlobalSection(NestedProjects) = preSolution
		{D83854C7-A130-4776-B9AF-8CA6D395E83E} = {AB946DED-F48B-485C-B60F-72C6FD80F086}
		{AB946DED-F48B-485C-B60F-72C6FD80F086} = {EDB2EFFE-0259-4FEC-ADE8-E1A32D5E4268}
		{6C89C1CA-985B-4247-87E9-3AADB9C013E6} = {AB946DED-F48B-485C-B60F-72C6FD80F086}
		{662F92D3-BD14-4A63-99C4-E35D4CFC2D32} = {EDB2EFFE-0259-4FEC-ADE8-E1A32D5E4268}
		{24360058-2E04-4928-B680-A0CB83FAA51B} = {EDB2EFFE-0259-4FEC-ADE8-E1A32D5E4268}
		{ED9997FD-4E26-4A72-8C3F-7C63D6B858A0} = {EDB2EFFE-0259-4FEC-ADE8-E1A32D5E4268}
		{03A9AA90-8444-4DB1-BC5F-956ABD9361C1} = {EDB2EFFE-0259-4FEC-ADE8-E1A32D5E4268}
		{28FFA031-25E9-41C5-971B-92D7979081B8} = {EDB2EFFE-0259-4FEC-ADE8-E1A32D5E4268}
		{5E01A671-2AE8-4E18-8552-CF7BBDF6B8BD} = {EDB2EFFE-0259-4FEC-ADE8-E1A32D5E4268}
		{5E5B356B-2A29-49D7-A963-D341B49DCF91} = {7ED46C64-D7A9-46F9-B5E5-8773C4B08A0F}
		{36DF9E78-ED3C-4D05-8B55-EE058D86C385} = {7ED46C64-D7A9-46F9-B5E5-8773C4B08A0F}
		{4886FE73-A931-4177-96A1-DC2E6B8EB27B} = {7ED46C64-D7A9-46F9-B5E5-8773C4B08A0F}
		{9DC96F46-0A8B-4544-BC93-D4AE22612083} = {7ED46C64-D7A9-46F9-B5E5-8773C4B08A0F}
		{53FE5CCF-66EB-4849-BE8B-357AAC734A3C} = {7ED46C64-D7A9-46F9-B5E5-8773C4B08A0F}
		{88C100C0-1674-43BF-8C3E-3C146ABA4E62} = {7ED46C64-D7A9-46F9-B5E5-8773C4B08A0F}
		{EDF5878A-FD21-4300-B183-DC6117519709} = {7ED46C64-D7A9-46F9-B5E5-8773C4B08A0F}
		{A063947A-18FA-40E5-90C8-BAB49DC402F6} = {7ED46C64-D7A9-46F9-B5E5-8773C4B08A0F}
		{BA778C79-83CE-4DBF-ACA2-8BA4E7CFA108} = {7ED46C64-D7A9-46F9-B5E5-8773C4B08A0F}
		{69FECDAC-4FA0-467F-9E5E-9B35E294A594} = {7ED46C64-D7A9-46F9-B5E5-8773C4B08A0F}
		{9FA7E09C-9F23-44B9-85FD-39999D7D1971} = {7ED46C64-D7A9-46F9-B5E5-8773C4B08A0F}
		{10E1DF6F-BFCD-4A92-A6C6-11F8D11024C9} = {7ED46C64-D7A9-46F9-B5E5-8773C4B08A0F}
		{15C5476F-050F-436B-AD4B-9EB515B896A0} = {7ED46C64-D7A9-46F9-B5E5-8773C4B08A0F}
		{CC4D2061-3A07-4E1B-948F-ACF338B2D8AC} = {7ED46C64-D7A9-46F9-B5E5-8773C4B08A0F}
		{40BCA5E9-9554-40DB-9BF4-E84E4E211A8B} = {7ED46C64-D7A9-46F9-B5E5-8773C4B08A0F}
		{0D80D3B5-1601-4A9C-8EC5-878BA3476203} = {7ED46C64-D7A9-46F9-B5E5-8773C4B08A0F}
		{D41EACEE-35AB-4E92-B3CF-989F64DABE23} = {7ED46C64-D7A9-46F9-B5E5-8773C4B08A0F}
		{944C7815-4A53-4B03-B15D-796AF1A7195F} = {7ED46C64-D7A9-46F9-B5E5-8773C4B08A0F}
		{132C15B2-6CED-410C-A55E-282784B9B1AB} = {7ED46C64-D7A9-46F9-B5E5-8773C4B08A0F}
		{9D38F029-C188-4A1B-A373-3B05C4DF2F46} = {7ED46C64-D7A9-46F9-B5E5-8773C4B08A0F}
		{924D1F6D-25D7-43B9-9A00-FE83E6513A4D} = {7ED46C64-D7A9-46F9-B5E5-8773C4B08A0F}
	EndGlobalSection
	GlobalSection(ExtensibilityGlobals) = postSolution
		SolutionGuid = {4ED77427-AC43-44A5-B226-98E30A70CBA7}
	EndGlobalSection
EndGlobal
